
Microsoft Visual Studio Solution File, Format Version 12.00
# Visual Studio Version 16
VisualStudioVersion = 16.0.29230.47
MinimumVisualStudioVersion = 10.0.40219.1
Project("{2150E333-8FDC-42A3-9474-1A3956D46DE8}") = "Testing", "Testing", "{4E2B02EE-0C76-42D6-BA0A-337D7680A5D6}"
EndProject
Project("{2150E333-8FDC-42A3-9474-1A3956D46DE8}") = "Miscellaneous", "Miscellaneous", "{85AFD7F1-6943-40FE-B8EC-AA9DBB42CCA6}"
EndProject
Project("{2150E333-8FDC-42A3-9474-1A3956D46DE8}") = "Modeling", "Modeling", "{CA5046EC-C894-4535-8190-A31F75FDEB96}"
EndProject
Project("{9A19103F-16F7-4668-BE54-9A1E7A4F7556}") = "Saving", "Saving\Saving.csproj", "{353F06F1-F0E0-4A8F-83AA-7115CD05832D}"
EndProject
Project("{9A19103F-16F7-4668-BE54-9A1E7A4F7556}") = "DataAnnotations", "Modeling\DataAnnotations\DataAnnotations.csproj", "{F583DA77-954C-4C4E-9F46-846CB39208DE}"
EndProject
Project("{9A19103F-16F7-4668-BE54-9A1E7A4F7556}") = "FluentAPI", "Modeling\FluentAPI\FluentAPI.csproj", "{20E1786B-FA14-4470-8B90-62A0C197E54D}"
EndProject
Project("{9A19103F-16F7-4668-BE54-9A1E7A4F7556}") = "Conventions", "Modeling\Conventions\Conventions.csproj", "{73E054DC-BF55-4717-A729-7FA53382E0EA}"
EndProject
Project("{9A19103F-16F7-4668-BE54-9A1E7A4F7556}") = "TestProject", "Miscellaneous\Testing\TestProject\TestProject.csproj", "{F4468750-9480-48E0-AA7A-DE84780AE1C2}"
EndProject
Project("{9A19103F-16F7-4668-BE54-9A1E7A4F7556}") = "BusinessLogic", "Miscellaneous\Testing\BusinessLogic\BusinessLogic.csproj", "{60B2C7AF-655F-4709-9E7F-7403E61F3A08}"
EndProject
Project("{9A19103F-16F7-4668-BE54-9A1E7A4F7556}") = "Logging", "Miscellaneous\Logging\Logging\Logging.csproj", "{D3A5391D-9351-44D6-8122-2821C6E4BD62}"
EndProject
Project("{9A19103F-16F7-4668-BE54-9A1E7A4F7556}") = "Querying", "Querying\Querying.csproj", "{7DEB577A-52B8-4475-A109-689FD515AEEA}"
EndProject
Project("{9A19103F-16F7-4668-BE54-9A1E7A4F7556}") = "ConnectionResiliency", "Miscellaneous\ConnectionResiliency\ConnectionResiliency.csproj", "{73D58479-A7E6-4867-8A73-0E07E96C6117}"
EndProject
Project("{9A19103F-16F7-4668-BE54-9A1E7A4F7556}") = "DynamicModel", "DynamicModel\DynamicModel.csproj", "{70D00673-084C-40B7-B0F1-67498593F8EE}"
EndProject
Project("{9A19103F-16F7-4668-BE54-9A1E7A4F7556}") = "DataSeeding", "Modeling\DataSeeding\DataSeeding.csproj", "{FD21B5E9-B1D9-4788-A313-5C0CDA30D1D7}"
EndProject
Project("{9A19103F-16F7-4668-BE54-9A1E7A4F7556}") = "OwnedEntities", "Modeling\OwnedEntities\OwnedEntities.csproj", "{802E31AD-2F1E-41A1-A662-5929E2626601}"
EndProject
Project("{9A19103F-16F7-4668-BE54-9A1E7A4F7556}") = "QueryFilters", "QueryFilters\QueryFilters.csproj", "{F96E15B3-C203-4DDC-BA7B-D33EB60B85CC}"
EndProject
Project("{9A19103F-16F7-4668-BE54-9A1E7A4F7556}") = "CompiledQueries", "CompiledQueries\CompiledQueries.csproj", "{B5A76E8B-79B5-4B10-B9B8-F2A6883FE821}"
EndProject
Project("{9A19103F-16F7-4668-BE54-9A1E7A4F7556}") = "DbContextPooling", "DbContextPooling\DbContextPooling.csproj", "{EFA3A7DD-F76C-4DA9-A657-D08E78E7E397}"
EndProject
Project("{9A19103F-16F7-4668-BE54-9A1E7A4F7556}") = "KeylessEntityTypes", "KeylessEntityTypes\KeylessEntityTypes.csproj", "{BB293879-4741-4D7A-87E8-3B9727B43A19}"
EndProject
Project("{9A19103F-16F7-4668-BE54-9A1E7A4F7556}") = "TableSplitting", "Modeling\TableSplitting\TableSplitting.csproj", "{63685B9A-1233-4B44-AAC1-8DDD4B16B65D}"
EndProject
Project("{9A19103F-16F7-4668-BE54-9A1E7A4F7556}") = "Cosmos", "Cosmos\Cosmos.csproj", "{35091DAC-FAE6-4384-B499-CAF2D1EA4FCF}"
EndProject
Project("{9A19103F-16F7-4668-BE54-9A1E7A4F7556}") = "EFGetStarted", "GetStarted\EFGetStarted.csproj", "{14A4E71C-57EB-4CB8-BBC3-C35CE4707E52}"
EndProject
Project("{FAE04EC0-301F-11D3-BF4B-00C04F79EFBC}") = "SqlServer", "SqlServer\SqlServer.csproj", "{80756004-3664-481A-879F-E1A261328758}"
EndProject
Project("{FAE04EC0-301F-11D3-BF4B-00C04F79EFBC}") = "ValueConversions", "Modeling\ValueConversions\ValueConversions.csproj", "{FE71504E-C32B-4E2F-9830-21ED448DABC4}"
EndProject
Global
	GlobalSection(SolutionConfigurationPlatforms) = preSolution
		Debug|Any CPU = Debug|Any CPU
		Debug|ARM = Debug|ARM
		Debug|x64 = Debug|x64
		Debug|x86 = Debug|x86
		Release|Any CPU = Release|Any CPU
		Release|ARM = Release|ARM
		Release|x64 = Release|x64
		Release|x86 = Release|x86
	EndGlobalSection
	GlobalSection(ProjectConfigurationPlatforms) = postSolution
		{353F06F1-F0E0-4A8F-83AA-7115CD05832D}.Debug|Any CPU.ActiveCfg = Debug|Any CPU
		{353F06F1-F0E0-4A8F-83AA-7115CD05832D}.Debug|Any CPU.Build.0 = Debug|Any CPU
		{353F06F1-F0E0-4A8F-83AA-7115CD05832D}.Debug|ARM.ActiveCfg = Debug|Any CPU
		{353F06F1-F0E0-4A8F-83AA-7115CD05832D}.Debug|ARM.Build.0 = Debug|Any CPU
		{353F06F1-F0E0-4A8F-83AA-7115CD05832D}.Debug|x64.ActiveCfg = Debug|Any CPU
		{353F06F1-F0E0-4A8F-83AA-7115CD05832D}.Debug|x64.Build.0 = Debug|Any CPU
		{353F06F1-F0E0-4A8F-83AA-7115CD05832D}.Debug|x86.ActiveCfg = Debug|Any CPU
		{353F06F1-F0E0-4A8F-83AA-7115CD05832D}.Debug|x86.Build.0 = Debug|Any CPU
		{353F06F1-F0E0-4A8F-83AA-7115CD05832D}.Release|Any CPU.ActiveCfg = Release|Any CPU
		{353F06F1-F0E0-4A8F-83AA-7115CD05832D}.Release|Any CPU.Build.0 = Release|Any CPU
		{353F06F1-F0E0-4A8F-83AA-7115CD05832D}.Release|ARM.ActiveCfg = Release|Any CPU
		{353F06F1-F0E0-4A8F-83AA-7115CD05832D}.Release|ARM.Build.0 = Release|Any CPU
		{353F06F1-F0E0-4A8F-83AA-7115CD05832D}.Release|x64.ActiveCfg = Release|Any CPU
		{353F06F1-F0E0-4A8F-83AA-7115CD05832D}.Release|x64.Build.0 = Release|Any CPU
		{353F06F1-F0E0-4A8F-83AA-7115CD05832D}.Release|x86.ActiveCfg = Release|Any CPU
		{353F06F1-F0E0-4A8F-83AA-7115CD05832D}.Release|x86.Build.0 = Release|Any CPU
		{F583DA77-954C-4C4E-9F46-846CB39208DE}.Debug|Any CPU.ActiveCfg = Debug|Any CPU
		{F583DA77-954C-4C4E-9F46-846CB39208DE}.Debug|Any CPU.Build.0 = Debug|Any CPU
		{F583DA77-954C-4C4E-9F46-846CB39208DE}.Debug|ARM.ActiveCfg = Debug|Any CPU
		{F583DA77-954C-4C4E-9F46-846CB39208DE}.Debug|ARM.Build.0 = Debug|Any CPU
		{F583DA77-954C-4C4E-9F46-846CB39208DE}.Debug|x64.ActiveCfg = Debug|Any CPU
		{F583DA77-954C-4C4E-9F46-846CB39208DE}.Debug|x64.Build.0 = Debug|Any CPU
		{F583DA77-954C-4C4E-9F46-846CB39208DE}.Debug|x86.ActiveCfg = Debug|Any CPU
		{F583DA77-954C-4C4E-9F46-846CB39208DE}.Debug|x86.Build.0 = Debug|Any CPU
		{F583DA77-954C-4C4E-9F46-846CB39208DE}.Release|Any CPU.ActiveCfg = Release|Any CPU
		{F583DA77-954C-4C4E-9F46-846CB39208DE}.Release|Any CPU.Build.0 = Release|Any CPU
		{F583DA77-954C-4C4E-9F46-846CB39208DE}.Release|ARM.ActiveCfg = Release|Any CPU
		{F583DA77-954C-4C4E-9F46-846CB39208DE}.Release|ARM.Build.0 = Release|Any CPU
		{F583DA77-954C-4C4E-9F46-846CB39208DE}.Release|x64.ActiveCfg = Release|Any CPU
		{F583DA77-954C-4C4E-9F46-846CB39208DE}.Release|x64.Build.0 = Release|Any CPU
		{F583DA77-954C-4C4E-9F46-846CB39208DE}.Release|x86.ActiveCfg = Release|Any CPU
		{F583DA77-954C-4C4E-9F46-846CB39208DE}.Release|x86.Build.0 = Release|Any CPU
		{20E1786B-FA14-4470-8B90-62A0C197E54D}.Debug|Any CPU.ActiveCfg = Debug|Any CPU
		{20E1786B-FA14-4470-8B90-62A0C197E54D}.Debug|Any CPU.Build.0 = Debug|Any CPU
		{20E1786B-FA14-4470-8B90-62A0C197E54D}.Debug|ARM.ActiveCfg = Debug|Any CPU
		{20E1786B-FA14-4470-8B90-62A0C197E54D}.Debug|ARM.Build.0 = Debug|Any CPU
		{20E1786B-FA14-4470-8B90-62A0C197E54D}.Debug|x64.ActiveCfg = Debug|Any CPU
		{20E1786B-FA14-4470-8B90-62A0C197E54D}.Debug|x64.Build.0 = Debug|Any CPU
		{20E1786B-FA14-4470-8B90-62A0C197E54D}.Debug|x86.ActiveCfg = Debug|Any CPU
		{20E1786B-FA14-4470-8B90-62A0C197E54D}.Debug|x86.Build.0 = Debug|Any CPU
		{20E1786B-FA14-4470-8B90-62A0C197E54D}.Release|Any CPU.ActiveCfg = Release|Any CPU
		{20E1786B-FA14-4470-8B90-62A0C197E54D}.Release|Any CPU.Build.0 = Release|Any CPU
		{20E1786B-FA14-4470-8B90-62A0C197E54D}.Release|ARM.ActiveCfg = Release|Any CPU
		{20E1786B-FA14-4470-8B90-62A0C197E54D}.Release|ARM.Build.0 = Release|Any CPU
		{20E1786B-FA14-4470-8B90-62A0C197E54D}.Release|x64.ActiveCfg = Release|Any CPU
		{20E1786B-FA14-4470-8B90-62A0C197E54D}.Release|x64.Build.0 = Release|Any CPU
		{20E1786B-FA14-4470-8B90-62A0C197E54D}.Release|x86.ActiveCfg = Release|Any CPU
		{20E1786B-FA14-4470-8B90-62A0C197E54D}.Release|x86.Build.0 = Release|Any CPU
		{73E054DC-BF55-4717-A729-7FA53382E0EA}.Debug|Any CPU.ActiveCfg = Debug|Any CPU
		{73E054DC-BF55-4717-A729-7FA53382E0EA}.Debug|Any CPU.Build.0 = Debug|Any CPU
		{73E054DC-BF55-4717-A729-7FA53382E0EA}.Debug|ARM.ActiveCfg = Debug|Any CPU
		{73E054DC-BF55-4717-A729-7FA53382E0EA}.Debug|ARM.Build.0 = Debug|Any CPU
		{73E054DC-BF55-4717-A729-7FA53382E0EA}.Debug|x64.ActiveCfg = Debug|Any CPU
		{73E054DC-BF55-4717-A729-7FA53382E0EA}.Debug|x64.Build.0 = Debug|Any CPU
		{73E054DC-BF55-4717-A729-7FA53382E0EA}.Debug|x86.ActiveCfg = Debug|Any CPU
		{73E054DC-BF55-4717-A729-7FA53382E0EA}.Debug|x86.Build.0 = Debug|Any CPU
		{73E054DC-BF55-4717-A729-7FA53382E0EA}.Release|Any CPU.ActiveCfg = Release|Any CPU
		{73E054DC-BF55-4717-A729-7FA53382E0EA}.Release|Any CPU.Build.0 = Release|Any CPU
		{73E054DC-BF55-4717-A729-7FA53382E0EA}.Release|ARM.ActiveCfg = Release|Any CPU
		{73E054DC-BF55-4717-A729-7FA53382E0EA}.Release|ARM.Build.0 = Release|Any CPU
		{73E054DC-BF55-4717-A729-7FA53382E0EA}.Release|x64.ActiveCfg = Release|Any CPU
		{73E054DC-BF55-4717-A729-7FA53382E0EA}.Release|x64.Build.0 = Release|Any CPU
		{73E054DC-BF55-4717-A729-7FA53382E0EA}.Release|x86.ActiveCfg = Release|Any CPU
		{73E054DC-BF55-4717-A729-7FA53382E0EA}.Release|x86.Build.0 = Release|Any CPU
		{F4468750-9480-48E0-AA7A-DE84780AE1C2}.Debug|Any CPU.ActiveCfg = Debug|Any CPU
		{F4468750-9480-48E0-AA7A-DE84780AE1C2}.Debug|Any CPU.Build.0 = Debug|Any CPU
		{F4468750-9480-48E0-AA7A-DE84780AE1C2}.Debug|ARM.ActiveCfg = Debug|Any CPU
		{F4468750-9480-48E0-AA7A-DE84780AE1C2}.Debug|ARM.Build.0 = Debug|Any CPU
		{F4468750-9480-48E0-AA7A-DE84780AE1C2}.Debug|x64.ActiveCfg = Debug|Any CPU
		{F4468750-9480-48E0-AA7A-DE84780AE1C2}.Debug|x64.Build.0 = Debug|Any CPU
		{F4468750-9480-48E0-AA7A-DE84780AE1C2}.Debug|x86.ActiveCfg = Debug|Any CPU
		{F4468750-9480-48E0-AA7A-DE84780AE1C2}.Debug|x86.Build.0 = Debug|Any CPU
		{F4468750-9480-48E0-AA7A-DE84780AE1C2}.Release|Any CPU.ActiveCfg = Release|Any CPU
		{F4468750-9480-48E0-AA7A-DE84780AE1C2}.Release|Any CPU.Build.0 = Release|Any CPU
		{F4468750-9480-48E0-AA7A-DE84780AE1C2}.Release|ARM.ActiveCfg = Release|Any CPU
		{F4468750-9480-48E0-AA7A-DE84780AE1C2}.Release|ARM.Build.0 = Release|Any CPU
		{F4468750-9480-48E0-AA7A-DE84780AE1C2}.Release|x64.ActiveCfg = Release|Any CPU
		{F4468750-9480-48E0-AA7A-DE84780AE1C2}.Release|x64.Build.0 = Release|Any CPU
		{F4468750-9480-48E0-AA7A-DE84780AE1C2}.Release|x86.ActiveCfg = Release|Any CPU
		{F4468750-9480-48E0-AA7A-DE84780AE1C2}.Release|x86.Build.0 = Release|Any CPU
		{60B2C7AF-655F-4709-9E7F-7403E61F3A08}.Debug|Any CPU.ActiveCfg = Debug|Any CPU
		{60B2C7AF-655F-4709-9E7F-7403E61F3A08}.Debug|Any CPU.Build.0 = Debug|Any CPU
		{60B2C7AF-655F-4709-9E7F-7403E61F3A08}.Debug|ARM.ActiveCfg = Debug|Any CPU
		{60B2C7AF-655F-4709-9E7F-7403E61F3A08}.Debug|ARM.Build.0 = Debug|Any CPU
		{60B2C7AF-655F-4709-9E7F-7403E61F3A08}.Debug|x64.ActiveCfg = Debug|Any CPU
		{60B2C7AF-655F-4709-9E7F-7403E61F3A08}.Debug|x64.Build.0 = Debug|Any CPU
		{60B2C7AF-655F-4709-9E7F-7403E61F3A08}.Debug|x86.ActiveCfg = Debug|Any CPU
		{60B2C7AF-655F-4709-9E7F-7403E61F3A08}.Debug|x86.Build.0 = Debug|Any CPU
		{60B2C7AF-655F-4709-9E7F-7403E61F3A08}.Release|Any CPU.ActiveCfg = Release|Any CPU
		{60B2C7AF-655F-4709-9E7F-7403E61F3A08}.Release|Any CPU.Build.0 = Release|Any CPU
		{60B2C7AF-655F-4709-9E7F-7403E61F3A08}.Release|ARM.ActiveCfg = Release|Any CPU
		{60B2C7AF-655F-4709-9E7F-7403E61F3A08}.Release|ARM.Build.0 = Release|Any CPU
		{60B2C7AF-655F-4709-9E7F-7403E61F3A08}.Release|x64.ActiveCfg = Release|Any CPU
		{60B2C7AF-655F-4709-9E7F-7403E61F3A08}.Release|x64.Build.0 = Release|Any CPU
		{60B2C7AF-655F-4709-9E7F-7403E61F3A08}.Release|x86.ActiveCfg = Release|Any CPU
		{60B2C7AF-655F-4709-9E7F-7403E61F3A08}.Release|x86.Build.0 = Release|Any CPU
		{D3A5391D-9351-44D6-8122-2821C6E4BD62}.Debug|Any CPU.ActiveCfg = Debug|Any CPU
		{D3A5391D-9351-44D6-8122-2821C6E4BD62}.Debug|Any CPU.Build.0 = Debug|Any CPU
		{D3A5391D-9351-44D6-8122-2821C6E4BD62}.Debug|ARM.ActiveCfg = Debug|Any CPU
		{D3A5391D-9351-44D6-8122-2821C6E4BD62}.Debug|ARM.Build.0 = Debug|Any CPU
		{D3A5391D-9351-44D6-8122-2821C6E4BD62}.Debug|x64.ActiveCfg = Debug|Any CPU
		{D3A5391D-9351-44D6-8122-2821C6E4BD62}.Debug|x64.Build.0 = Debug|Any CPU
		{D3A5391D-9351-44D6-8122-2821C6E4BD62}.Debug|x86.ActiveCfg = Debug|Any CPU
		{D3A5391D-9351-44D6-8122-2821C6E4BD62}.Debug|x86.Build.0 = Debug|Any CPU
		{D3A5391D-9351-44D6-8122-2821C6E4BD62}.Release|Any CPU.ActiveCfg = Release|Any CPU
		{D3A5391D-9351-44D6-8122-2821C6E4BD62}.Release|Any CPU.Build.0 = Release|Any CPU
		{D3A5391D-9351-44D6-8122-2821C6E4BD62}.Release|ARM.ActiveCfg = Release|Any CPU
		{D3A5391D-9351-44D6-8122-2821C6E4BD62}.Release|ARM.Build.0 = Release|Any CPU
		{D3A5391D-9351-44D6-8122-2821C6E4BD62}.Release|x64.ActiveCfg = Release|Any CPU
		{D3A5391D-9351-44D6-8122-2821C6E4BD62}.Release|x64.Build.0 = Release|Any CPU
		{D3A5391D-9351-44D6-8122-2821C6E4BD62}.Release|x86.ActiveCfg = Release|Any CPU
		{D3A5391D-9351-44D6-8122-2821C6E4BD62}.Release|x86.Build.0 = Release|Any CPU
		{7DEB577A-52B8-4475-A109-689FD515AEEA}.Debug|Any CPU.ActiveCfg = Debug|Any CPU
		{7DEB577A-52B8-4475-A109-689FD515AEEA}.Debug|Any CPU.Build.0 = Debug|Any CPU
		{7DEB577A-52B8-4475-A109-689FD515AEEA}.Debug|ARM.ActiveCfg = Debug|Any CPU
		{7DEB577A-52B8-4475-A109-689FD515AEEA}.Debug|ARM.Build.0 = Debug|Any CPU
		{7DEB577A-52B8-4475-A109-689FD515AEEA}.Debug|x64.ActiveCfg = Debug|Any CPU
		{7DEB577A-52B8-4475-A109-689FD515AEEA}.Debug|x64.Build.0 = Debug|Any CPU
		{7DEB577A-52B8-4475-A109-689FD515AEEA}.Debug|x86.ActiveCfg = Debug|Any CPU
		{7DEB577A-52B8-4475-A109-689FD515AEEA}.Debug|x86.Build.0 = Debug|Any CPU
		{7DEB577A-52B8-4475-A109-689FD515AEEA}.Release|Any CPU.ActiveCfg = Release|Any CPU
		{7DEB577A-52B8-4475-A109-689FD515AEEA}.Release|Any CPU.Build.0 = Release|Any CPU
		{7DEB577A-52B8-4475-A109-689FD515AEEA}.Release|ARM.ActiveCfg = Release|Any CPU
		{7DEB577A-52B8-4475-A109-689FD515AEEA}.Release|ARM.Build.0 = Release|Any CPU
		{7DEB577A-52B8-4475-A109-689FD515AEEA}.Release|x64.ActiveCfg = Release|Any CPU
		{7DEB577A-52B8-4475-A109-689FD515AEEA}.Release|x64.Build.0 = Release|Any CPU
		{7DEB577A-52B8-4475-A109-689FD515AEEA}.Release|x86.ActiveCfg = Release|Any CPU
		{7DEB577A-52B8-4475-A109-689FD515AEEA}.Release|x86.Build.0 = Release|Any CPU
		{73D58479-A7E6-4867-8A73-0E07E96C6117}.Debug|Any CPU.ActiveCfg = Debug|Any CPU
		{73D58479-A7E6-4867-8A73-0E07E96C6117}.Debug|Any CPU.Build.0 = Debug|Any CPU
		{73D58479-A7E6-4867-8A73-0E07E96C6117}.Debug|ARM.ActiveCfg = Debug|Any CPU
		{73D58479-A7E6-4867-8A73-0E07E96C6117}.Debug|ARM.Build.0 = Debug|Any CPU
		{73D58479-A7E6-4867-8A73-0E07E96C6117}.Debug|x64.ActiveCfg = Debug|Any CPU
		{73D58479-A7E6-4867-8A73-0E07E96C6117}.Debug|x64.Build.0 = Debug|Any CPU
		{73D58479-A7E6-4867-8A73-0E07E96C6117}.Debug|x86.ActiveCfg = Debug|Any CPU
		{73D58479-A7E6-4867-8A73-0E07E96C6117}.Debug|x86.Build.0 = Debug|Any CPU
		{73D58479-A7E6-4867-8A73-0E07E96C6117}.Release|Any CPU.ActiveCfg = Release|Any CPU
		{73D58479-A7E6-4867-8A73-0E07E96C6117}.Release|Any CPU.Build.0 = Release|Any CPU
		{73D58479-A7E6-4867-8A73-0E07E96C6117}.Release|ARM.ActiveCfg = Release|Any CPU
		{73D58479-A7E6-4867-8A73-0E07E96C6117}.Release|ARM.Build.0 = Release|Any CPU
		{73D58479-A7E6-4867-8A73-0E07E96C6117}.Release|x64.ActiveCfg = Release|Any CPU
		{73D58479-A7E6-4867-8A73-0E07E96C6117}.Release|x64.Build.0 = Release|Any CPU
		{73D58479-A7E6-4867-8A73-0E07E96C6117}.Release|x86.ActiveCfg = Release|Any CPU
		{73D58479-A7E6-4867-8A73-0E07E96C6117}.Release|x86.Build.0 = Release|Any CPU
		{70D00673-084C-40B7-B0F1-67498593F8EE}.Debug|Any CPU.ActiveCfg = Debug|Any CPU
		{70D00673-084C-40B7-B0F1-67498593F8EE}.Debug|Any CPU.Build.0 = Debug|Any CPU
		{70D00673-084C-40B7-B0F1-67498593F8EE}.Debug|ARM.ActiveCfg = Debug|Any CPU
		{70D00673-084C-40B7-B0F1-67498593F8EE}.Debug|ARM.Build.0 = Debug|Any CPU
		{70D00673-084C-40B7-B0F1-67498593F8EE}.Debug|x64.ActiveCfg = Debug|Any CPU
		{70D00673-084C-40B7-B0F1-67498593F8EE}.Debug|x64.Build.0 = Debug|Any CPU
		{70D00673-084C-40B7-B0F1-67498593F8EE}.Debug|x86.ActiveCfg = Debug|Any CPU
		{70D00673-084C-40B7-B0F1-67498593F8EE}.Debug|x86.Build.0 = Debug|Any CPU
		{70D00673-084C-40B7-B0F1-67498593F8EE}.Release|Any CPU.ActiveCfg = Release|Any CPU
		{70D00673-084C-40B7-B0F1-67498593F8EE}.Release|Any CPU.Build.0 = Release|Any CPU
		{70D00673-084C-40B7-B0F1-67498593F8EE}.Release|ARM.ActiveCfg = Release|Any CPU
		{70D00673-084C-40B7-B0F1-67498593F8EE}.Release|ARM.Build.0 = Release|Any CPU
		{70D00673-084C-40B7-B0F1-67498593F8EE}.Release|x64.ActiveCfg = Release|Any CPU
		{70D00673-084C-40B7-B0F1-67498593F8EE}.Release|x64.Build.0 = Release|Any CPU
		{70D00673-084C-40B7-B0F1-67498593F8EE}.Release|x86.ActiveCfg = Release|Any CPU
		{70D00673-084C-40B7-B0F1-67498593F8EE}.Release|x86.Build.0 = Release|Any CPU
		{FD21B5E9-B1D9-4788-A313-5C0CDA30D1D7}.Debug|Any CPU.ActiveCfg = Debug|Any CPU
		{FD21B5E9-B1D9-4788-A313-5C0CDA30D1D7}.Debug|Any CPU.Build.0 = Debug|Any CPU
		{FD21B5E9-B1D9-4788-A313-5C0CDA30D1D7}.Debug|ARM.ActiveCfg = Debug|Any CPU
		{FD21B5E9-B1D9-4788-A313-5C0CDA30D1D7}.Debug|ARM.Build.0 = Debug|Any CPU
		{FD21B5E9-B1D9-4788-A313-5C0CDA30D1D7}.Debug|x64.ActiveCfg = Debug|Any CPU
		{FD21B5E9-B1D9-4788-A313-5C0CDA30D1D7}.Debug|x64.Build.0 = Debug|Any CPU
		{FD21B5E9-B1D9-4788-A313-5C0CDA30D1D7}.Debug|x86.ActiveCfg = Debug|Any CPU
		{FD21B5E9-B1D9-4788-A313-5C0CDA30D1D7}.Debug|x86.Build.0 = Debug|Any CPU
		{FD21B5E9-B1D9-4788-A313-5C0CDA30D1D7}.Release|Any CPU.ActiveCfg = Release|Any CPU
		{FD21B5E9-B1D9-4788-A313-5C0CDA30D1D7}.Release|Any CPU.Build.0 = Release|Any CPU
		{FD21B5E9-B1D9-4788-A313-5C0CDA30D1D7}.Release|ARM.ActiveCfg = Release|Any CPU
		{FD21B5E9-B1D9-4788-A313-5C0CDA30D1D7}.Release|ARM.Build.0 = Release|Any CPU
		{FD21B5E9-B1D9-4788-A313-5C0CDA30D1D7}.Release|x64.ActiveCfg = Release|Any CPU
		{FD21B5E9-B1D9-4788-A313-5C0CDA30D1D7}.Release|x64.Build.0 = Release|Any CPU
		{FD21B5E9-B1D9-4788-A313-5C0CDA30D1D7}.Release|x86.ActiveCfg = Release|Any CPU
		{FD21B5E9-B1D9-4788-A313-5C0CDA30D1D7}.Release|x86.Build.0 = Release|Any CPU
		{802E31AD-2F1E-41A1-A662-5929E2626601}.Debug|Any CPU.ActiveCfg = Debug|Any CPU
		{802E31AD-2F1E-41A1-A662-5929E2626601}.Debug|Any CPU.Build.0 = Debug|Any CPU
		{802E31AD-2F1E-41A1-A662-5929E2626601}.Debug|ARM.ActiveCfg = Debug|Any CPU
		{802E31AD-2F1E-41A1-A662-5929E2626601}.Debug|ARM.Build.0 = Debug|Any CPU
		{802E31AD-2F1E-41A1-A662-5929E2626601}.Debug|x64.ActiveCfg = Debug|Any CPU
		{802E31AD-2F1E-41A1-A662-5929E2626601}.Debug|x64.Build.0 = Debug|Any CPU
		{802E31AD-2F1E-41A1-A662-5929E2626601}.Debug|x86.ActiveCfg = Debug|Any CPU
		{802E31AD-2F1E-41A1-A662-5929E2626601}.Debug|x86.Build.0 = Debug|Any CPU
		{802E31AD-2F1E-41A1-A662-5929E2626601}.Release|Any CPU.ActiveCfg = Release|Any CPU
		{802E31AD-2F1E-41A1-A662-5929E2626601}.Release|Any CPU.Build.0 = Release|Any CPU
		{802E31AD-2F1E-41A1-A662-5929E2626601}.Release|ARM.ActiveCfg = Release|Any CPU
		{802E31AD-2F1E-41A1-A662-5929E2626601}.Release|ARM.Build.0 = Release|Any CPU
		{802E31AD-2F1E-41A1-A662-5929E2626601}.Release|x64.ActiveCfg = Release|Any CPU
		{802E31AD-2F1E-41A1-A662-5929E2626601}.Release|x64.Build.0 = Release|Any CPU
		{802E31AD-2F1E-41A1-A662-5929E2626601}.Release|x86.ActiveCfg = Release|Any CPU
		{802E31AD-2F1E-41A1-A662-5929E2626601}.Release|x86.Build.0 = Release|Any CPU
		{F96E15B3-C203-4DDC-BA7B-D33EB60B85CC}.Debug|Any CPU.ActiveCfg = Debug|Any CPU
		{F96E15B3-C203-4DDC-BA7B-D33EB60B85CC}.Debug|Any CPU.Build.0 = Debug|Any CPU
		{F96E15B3-C203-4DDC-BA7B-D33EB60B85CC}.Debug|ARM.ActiveCfg = Debug|Any CPU
		{F96E15B3-C203-4DDC-BA7B-D33EB60B85CC}.Debug|x64.ActiveCfg = Debug|Any CPU
		{F96E15B3-C203-4DDC-BA7B-D33EB60B85CC}.Debug|x86.ActiveCfg = Debug|Any CPU
		{F96E15B3-C203-4DDC-BA7B-D33EB60B85CC}.Release|Any CPU.ActiveCfg = Release|Any CPU
		{F96E15B3-C203-4DDC-BA7B-D33EB60B85CC}.Release|Any CPU.Build.0 = Release|Any CPU
		{F96E15B3-C203-4DDC-BA7B-D33EB60B85CC}.Release|ARM.ActiveCfg = Release|Any CPU
		{F96E15B3-C203-4DDC-BA7B-D33EB60B85CC}.Release|x64.ActiveCfg = Release|Any CPU
		{F96E15B3-C203-4DDC-BA7B-D33EB60B85CC}.Release|x86.ActiveCfg = Release|Any CPU
		{B5A76E8B-79B5-4B10-B9B8-F2A6883FE821}.Debug|Any CPU.ActiveCfg = Debug|Any CPU
		{B5A76E8B-79B5-4B10-B9B8-F2A6883FE821}.Debug|Any CPU.Build.0 = Debug|Any CPU
		{B5A76E8B-79B5-4B10-B9B8-F2A6883FE821}.Debug|ARM.ActiveCfg = Debug|Any CPU
		{B5A76E8B-79B5-4B10-B9B8-F2A6883FE821}.Debug|x64.ActiveCfg = Debug|Any CPU
		{B5A76E8B-79B5-4B10-B9B8-F2A6883FE821}.Debug|x86.ActiveCfg = Debug|Any CPU
		{B5A76E8B-79B5-4B10-B9B8-F2A6883FE821}.Release|Any CPU.ActiveCfg = Release|Any CPU
		{B5A76E8B-79B5-4B10-B9B8-F2A6883FE821}.Release|Any CPU.Build.0 = Release|Any CPU
		{B5A76E8B-79B5-4B10-B9B8-F2A6883FE821}.Release|ARM.ActiveCfg = Release|Any CPU
		{B5A76E8B-79B5-4B10-B9B8-F2A6883FE821}.Release|x64.ActiveCfg = Release|Any CPU
		{B5A76E8B-79B5-4B10-B9B8-F2A6883FE821}.Release|x86.ActiveCfg = Release|Any CPU
		{EFA3A7DD-F76C-4DA9-A657-D08E78E7E397}.Debug|Any CPU.ActiveCfg = Debug|Any CPU
		{EFA3A7DD-F76C-4DA9-A657-D08E78E7E397}.Debug|Any CPU.Build.0 = Debug|Any CPU
		{EFA3A7DD-F76C-4DA9-A657-D08E78E7E397}.Debug|ARM.ActiveCfg = Debug|Any CPU
		{EFA3A7DD-F76C-4DA9-A657-D08E78E7E397}.Debug|x64.ActiveCfg = Debug|Any CPU
		{EFA3A7DD-F76C-4DA9-A657-D08E78E7E397}.Debug|x86.ActiveCfg = Debug|Any CPU
		{EFA3A7DD-F76C-4DA9-A657-D08E78E7E397}.Release|Any CPU.ActiveCfg = Release|Any CPU
		{EFA3A7DD-F76C-4DA9-A657-D08E78E7E397}.Release|Any CPU.Build.0 = Release|Any CPU
		{EFA3A7DD-F76C-4DA9-A657-D08E78E7E397}.Release|ARM.ActiveCfg = Release|Any CPU
		{EFA3A7DD-F76C-4DA9-A657-D08E78E7E397}.Release|x64.ActiveCfg = Release|Any CPU
		{EFA3A7DD-F76C-4DA9-A657-D08E78E7E397}.Release|x86.ActiveCfg = Release|Any CPU
		{BB293879-4741-4D7A-87E8-3B9727B43A19}.Debug|Any CPU.ActiveCfg = Debug|Any CPU
		{BB293879-4741-4D7A-87E8-3B9727B43A19}.Debug|Any CPU.Build.0 = Debug|Any CPU
		{BB293879-4741-4D7A-87E8-3B9727B43A19}.Debug|ARM.ActiveCfg = Debug|Any CPU
		{BB293879-4741-4D7A-87E8-3B9727B43A19}.Debug|x64.ActiveCfg = Debug|Any CPU
		{BB293879-4741-4D7A-87E8-3B9727B43A19}.Debug|x86.ActiveCfg = Debug|Any CPU
		{BB293879-4741-4D7A-87E8-3B9727B43A19}.Release|Any CPU.ActiveCfg = Release|Any CPU
		{BB293879-4741-4D7A-87E8-3B9727B43A19}.Release|Any CPU.Build.0 = Release|Any CPU
		{BB293879-4741-4D7A-87E8-3B9727B43A19}.Release|ARM.ActiveCfg = Release|Any CPU
		{BB293879-4741-4D7A-87E8-3B9727B43A19}.Release|x64.ActiveCfg = Release|Any CPU
		{BB293879-4741-4D7A-87E8-3B9727B43A19}.Release|x86.ActiveCfg = Release|Any CPU
		{63685B9A-1233-4B44-AAC1-8DDD4B16B65D}.Debug|Any CPU.ActiveCfg = Debug|Any CPU
		{63685B9A-1233-4B44-AAC1-8DDD4B16B65D}.Debug|Any CPU.Build.0 = Debug|Any CPU
		{63685B9A-1233-4B44-AAC1-8DDD4B16B65D}.Debug|ARM.ActiveCfg = Debug|Any CPU
		{63685B9A-1233-4B44-AAC1-8DDD4B16B65D}.Debug|ARM.Build.0 = Debug|Any CPU
		{63685B9A-1233-4B44-AAC1-8DDD4B16B65D}.Debug|x64.ActiveCfg = Debug|Any CPU
		{63685B9A-1233-4B44-AAC1-8DDD4B16B65D}.Debug|x64.Build.0 = Debug|Any CPU
		{63685B9A-1233-4B44-AAC1-8DDD4B16B65D}.Debug|x86.ActiveCfg = Debug|Any CPU
		{63685B9A-1233-4B44-AAC1-8DDD4B16B65D}.Debug|x86.Build.0 = Debug|Any CPU
		{63685B9A-1233-4B44-AAC1-8DDD4B16B65D}.Release|Any CPU.ActiveCfg = Release|Any CPU
		{63685B9A-1233-4B44-AAC1-8DDD4B16B65D}.Release|Any CPU.Build.0 = Release|Any CPU
		{63685B9A-1233-4B44-AAC1-8DDD4B16B65D}.Release|ARM.ActiveCfg = Release|Any CPU
		{63685B9A-1233-4B44-AAC1-8DDD4B16B65D}.Release|ARM.Build.0 = Release|Any CPU
		{63685B9A-1233-4B44-AAC1-8DDD4B16B65D}.Release|x64.ActiveCfg = Release|Any CPU
		{63685B9A-1233-4B44-AAC1-8DDD4B16B65D}.Release|x64.Build.0 = Release|Any CPU
		{63685B9A-1233-4B44-AAC1-8DDD4B16B65D}.Release|x86.ActiveCfg = Release|Any CPU
		{63685B9A-1233-4B44-AAC1-8DDD4B16B65D}.Release|x86.Build.0 = Release|Any CPU
		{35091DAC-FAE6-4384-B499-CAF2D1EA4FCF}.Debug|Any CPU.ActiveCfg = Debug|Any CPU
		{35091DAC-FAE6-4384-B499-CAF2D1EA4FCF}.Debug|Any CPU.Build.0 = Debug|Any CPU
		{35091DAC-FAE6-4384-B499-CAF2D1EA4FCF}.Debug|ARM.ActiveCfg = Debug|Any CPU
		{35091DAC-FAE6-4384-B499-CAF2D1EA4FCF}.Debug|ARM.Build.0 = Debug|Any CPU
		{35091DAC-FAE6-4384-B499-CAF2D1EA4FCF}.Debug|x64.ActiveCfg = Debug|Any CPU
		{35091DAC-FAE6-4384-B499-CAF2D1EA4FCF}.Debug|x64.Build.0 = Debug|Any CPU
		{35091DAC-FAE6-4384-B499-CAF2D1EA4FCF}.Debug|x86.ActiveCfg = Debug|Any CPU
		{35091DAC-FAE6-4384-B499-CAF2D1EA4FCF}.Debug|x86.Build.0 = Debug|Any CPU
		{35091DAC-FAE6-4384-B499-CAF2D1EA4FCF}.Release|Any CPU.ActiveCfg = Release|Any CPU
		{35091DAC-FAE6-4384-B499-CAF2D1EA4FCF}.Release|Any CPU.Build.0 = Release|Any CPU
		{35091DAC-FAE6-4384-B499-CAF2D1EA4FCF}.Release|ARM.ActiveCfg = Release|Any CPU
		{35091DAC-FAE6-4384-B499-CAF2D1EA4FCF}.Release|ARM.Build.0 = Release|Any CPU
		{35091DAC-FAE6-4384-B499-CAF2D1EA4FCF}.Release|x64.ActiveCfg = Release|Any CPU
		{35091DAC-FAE6-4384-B499-CAF2D1EA4FCF}.Release|x64.Build.0 = Release|Any CPU
		{35091DAC-FAE6-4384-B499-CAF2D1EA4FCF}.Release|x86.ActiveCfg = Release|Any CPU
		{35091DAC-FAE6-4384-B499-CAF2D1EA4FCF}.Release|x86.Build.0 = Release|Any CPU
		{14A4E71C-57EB-4CB8-BBC3-C35CE4707E52}.Debug|Any CPU.ActiveCfg = Debug|Any CPU
		{14A4E71C-57EB-4CB8-BBC3-C35CE4707E52}.Debug|Any CPU.Build.0 = Debug|Any CPU
		{14A4E71C-57EB-4CB8-BBC3-C35CE4707E52}.Debug|ARM.ActiveCfg = Debug|Any CPU
		{14A4E71C-57EB-4CB8-BBC3-C35CE4707E52}.Debug|ARM.Build.0 = Debug|Any CPU
		{14A4E71C-57EB-4CB8-BBC3-C35CE4707E52}.Debug|x64.ActiveCfg = Debug|Any CPU
		{14A4E71C-57EB-4CB8-BBC3-C35CE4707E52}.Debug|x64.Build.0 = Debug|Any CPU
		{14A4E71C-57EB-4CB8-BBC3-C35CE4707E52}.Debug|x86.ActiveCfg = Debug|Any CPU
		{14A4E71C-57EB-4CB8-BBC3-C35CE4707E52}.Debug|x86.Build.0 = Debug|Any CPU
		{14A4E71C-57EB-4CB8-BBC3-C35CE4707E52}.Release|Any CPU.ActiveCfg = Release|Any CPU
		{14A4E71C-57EB-4CB8-BBC3-C35CE4707E52}.Release|Any CPU.Build.0 = Release|Any CPU
		{14A4E71C-57EB-4CB8-BBC3-C35CE4707E52}.Release|ARM.ActiveCfg = Release|Any CPU
		{14A4E71C-57EB-4CB8-BBC3-C35CE4707E52}.Release|ARM.Build.0 = Release|Any CPU
		{14A4E71C-57EB-4CB8-BBC3-C35CE4707E52}.Release|x64.ActiveCfg = Release|Any CPU
		{14A4E71C-57EB-4CB8-BBC3-C35CE4707E52}.Release|x64.Build.0 = Release|Any CPU
		{14A4E71C-57EB-4CB8-BBC3-C35CE4707E52}.Release|x86.ActiveCfg = Release|Any CPU
		{14A4E71C-57EB-4CB8-BBC3-C35CE4707E52}.Release|x86.Build.0 = Release|Any CPU
		{80756004-3664-481A-879F-E1A261328758}.Debug|Any CPU.ActiveCfg = Debug|Any CPU
		{80756004-3664-481A-879F-E1A261328758}.Debug|Any CPU.Build.0 = Debug|Any CPU
		{80756004-3664-481A-879F-E1A261328758}.Debug|ARM.ActiveCfg = Debug|Any CPU
		{80756004-3664-481A-879F-E1A261328758}.Debug|ARM.Build.0 = Debug|Any CPU
		{80756004-3664-481A-879F-E1A261328758}.Debug|x64.ActiveCfg = Debug|Any CPU
		{80756004-3664-481A-879F-E1A261328758}.Debug|x64.Build.0 = Debug|Any CPU
		{80756004-3664-481A-879F-E1A261328758}.Debug|x86.ActiveCfg = Debug|Any CPU
		{80756004-3664-481A-879F-E1A261328758}.Debug|x86.Build.0 = Debug|Any CPU
		{80756004-3664-481A-879F-E1A261328758}.Release|Any CPU.ActiveCfg = Release|Any CPU
		{80756004-3664-481A-879F-E1A261328758}.Release|Any CPU.Build.0 = Release|Any CPU
		{80756004-3664-481A-879F-E1A261328758}.Release|ARM.ActiveCfg = Release|Any CPU
		{80756004-3664-481A-879F-E1A261328758}.Release|ARM.Build.0 = Release|Any CPU
		{80756004-3664-481A-879F-E1A261328758}.Release|x64.ActiveCfg = Release|Any CPU
		{80756004-3664-481A-879F-E1A261328758}.Release|x64.Build.0 = Release|Any CPU
		{80756004-3664-481A-879F-E1A261328758}.Release|x86.ActiveCfg = Release|Any CPU
		{80756004-3664-481A-879F-E1A261328758}.Release|x86.Build.0 = Release|Any CPU
		{FE71504E-C32B-4E2F-9830-21ED448DABC4}.Debug|Any CPU.ActiveCfg = Debug|Any CPU
		{FE71504E-C32B-4E2F-9830-21ED448DABC4}.Debug|Any CPU.Build.0 = Debug|Any CPU
		{FE71504E-C32B-4E2F-9830-21ED448DABC4}.Debug|ARM.ActiveCfg = Debug|Any CPU
		{FE71504E-C32B-4E2F-9830-21ED448DABC4}.Debug|ARM.Build.0 = Debug|Any CPU
		{FE71504E-C32B-4E2F-9830-21ED448DABC4}.Debug|x64.ActiveCfg = Debug|Any CPU
		{FE71504E-C32B-4E2F-9830-21ED448DABC4}.Debug|x64.Build.0 = Debug|Any CPU
		{FE71504E-C32B-4E2F-9830-21ED448DABC4}.Debug|x86.ActiveCfg = Debug|Any CPU
		{FE71504E-C32B-4E2F-9830-21ED448DABC4}.Debug|x86.Build.0 = Debug|Any CPU
		{FE71504E-C32B-4E2F-9830-21ED448DABC4}.Release|Any CPU.ActiveCfg = Release|Any CPU
		{FE71504E-C32B-4E2F-9830-21ED448DABC4}.Release|Any CPU.Build.0 = Release|Any CPU
		{FE71504E-C32B-4E2F-9830-21ED448DABC4}.Release|ARM.ActiveCfg = Release|Any CPU
		{FE71504E-C32B-4E2F-9830-21ED448DABC4}.Release|ARM.Build.0 = Release|Any CPU
		{FE71504E-C32B-4E2F-9830-21ED448DABC4}.Release|x64.ActiveCfg = Release|Any CPU
		{FE71504E-C32B-4E2F-9830-21ED448DABC4}.Release|x64.Build.0 = Release|Any CPU
		{FE71504E-C32B-4E2F-9830-21ED448DABC4}.Release|x86.ActiveCfg = Release|Any CPU
		{FE71504E-C32B-4E2F-9830-21ED448DABC4}.Release|x86.Build.0 = Release|Any CPU
	EndGlobalSection
	GlobalSection(SolutionProperties) = preSolution
		HideSolutionNode = FALSE
	EndGlobalSection
	GlobalSection(NestedProjects) = preSolution
		{4E2B02EE-0C76-42D6-BA0A-337D7680A5D6} = {85AFD7F1-6943-40FE-B8EC-AA9DBB42CCA6}
		{F583DA77-954C-4C4E-9F46-846CB39208DE} = {CA5046EC-C894-4535-8190-A31F75FDEB96}
		{20E1786B-FA14-4470-8B90-62A0C197E54D} = {CA5046EC-C894-4535-8190-A31F75FDEB96}
		{73E054DC-BF55-4717-A729-7FA53382E0EA} = {CA5046EC-C894-4535-8190-A31F75FDEB96}
		{F4468750-9480-48E0-AA7A-DE84780AE1C2} = {4E2B02EE-0C76-42D6-BA0A-337D7680A5D6}
		{60B2C7AF-655F-4709-9E7F-7403E61F3A08} = {4E2B02EE-0C76-42D6-BA0A-337D7680A5D6}
		{D3A5391D-9351-44D6-8122-2821C6E4BD62} = {85AFD7F1-6943-40FE-B8EC-AA9DBB42CCA6}
		{73D58479-A7E6-4867-8A73-0E07E96C6117} = {85AFD7F1-6943-40FE-B8EC-AA9DBB42CCA6}
		{70D00673-084C-40B7-B0F1-67498593F8EE} = {CA5046EC-C894-4535-8190-A31F75FDEB96}
		{FD21B5E9-B1D9-4788-A313-5C0CDA30D1D7} = {CA5046EC-C894-4535-8190-A31F75FDEB96}
		{802E31AD-2F1E-41A1-A662-5929E2626601} = {CA5046EC-C894-4535-8190-A31F75FDEB96}
		{63685B9A-1233-4B44-AAC1-8DDD4B16B65D} = {CA5046EC-C894-4535-8190-A31F75FDEB96}
		{FE71504E-C32B-4E2F-9830-21ED448DABC4} = {CA5046EC-C894-4535-8190-A31F75FDEB96}
	EndGlobalSection
	GlobalSection(ExtensibilityGlobals) = postSolution
		SolutionGuid = {20C98D35-54EF-46A6-8F3B-1855C1AE4F70}
	EndGlobalSection
EndGlobal
