
Microsoft Visual Studio Solution File, Format Version 12.00
# Visual Studio 15
VisualStudioVersion = 15.0.27004.2002
MinimumVisualStudioVersion = 10.0.40219.1
Project("{2150E333-8FDC-42A3-9474-1A3956D46DE8}") = "UWP", "UWP", "{2D7D0958-8722-40E5-9BCB-A96B096E7534}"
EndProject
Project("{2150E333-8FDC-42A3-9474-1A3956D46DE8}") = "Logging", "Logging", "{851986F2-F49D-423A-8E60-1106EB6916F0}"
EndProject
Project("{2150E333-8FDC-42A3-9474-1A3956D46DE8}") = "Testing", "Testing", "{4E2B02EE-0C76-42D6-BA0A-337D7680A5D6}"
EndProject
Project("{2150E333-8FDC-42A3-9474-1A3956D46DE8}") = "NetCore", "NetCore", "{E1A10B1E-CD16-47BB-86C1-FE256F1AD0FB}"
EndProject
Project("{2150E333-8FDC-42A3-9474-1A3956D46DE8}") = "FullNet", "FullNet", "{8C67ADF8-D850-4D2E-9A73-E381D31B8C14}"
EndProject
Project("{2150E333-8FDC-42A3-9474-1A3956D46DE8}") = "GetStarted", "GetStarted", "{9AE81D20-3DB5-4C4A-AFBB-3F6A460B0313}"
EndProject
Project("{2150E333-8FDC-42A3-9474-1A3956D46DE8}") = "Miscellanous", "Miscellanous", "{85AFD7F1-6943-40FE-B8EC-AA9DBB42CCA6}"
EndProject
Project("{2150E333-8FDC-42A3-9474-1A3956D46DE8}") = "Modeling", "Modeling", "{CA5046EC-C894-4535-8190-A31F75FDEB96}"
EndProject
Project("{2150E333-8FDC-42A3-9474-1A3956D46DE8}") = "Saving", "Saving", "{1C11ABFE-D497-4CF5-B2F9-BC6C539B108A}"
EndProject
Project("{2150E333-8FDC-42A3-9474-1A3956D46DE8}") = "Querying", "Querying", "{9883287D-A497-400C-ACB8-6F6138591DEC}"
EndProject
Project("{2150E333-8FDC-42A3-9474-1A3956D46DE8}") = "AspNetCore", "AspNetCore", "{AC06E61C-1FE2-41B8-95E3-780051DA2275}"
EndProject
Project("{FAE04EC0-301F-11D3-BF4B-00C04F79EFBC}") = "Saving", "Saving\Saving\Saving.csproj", "{353F06F1-F0E0-4A8F-83AA-7115CD05832D}"
EndProject
Project("{FAE04EC0-301F-11D3-BF4B-00C04F79EFBC}") = "DataAnnotations", "Modeling\DataAnnotations\DataAnnotations.csproj", "{F583DA77-954C-4C4E-9F46-846CB39208DE}"
EndProject
Project("{FAE04EC0-301F-11D3-BF4B-00C04F79EFBC}") = "FluentAPI", "Modeling\FluentAPI\FluentAPI.csproj", "{20E1786B-FA14-4470-8B90-62A0C197E54D}"
EndProject
Project("{FAE04EC0-301F-11D3-BF4B-00C04F79EFBC}") = "Conventions", "Modeling\Conventions\Conventions.csproj", "{73E054DC-BF55-4717-A729-7FA53382E0EA}"
EndProject
Project("{FAE04EC0-301F-11D3-BF4B-00C04F79EFBC}") = "UWP.SQLite", "GetStarted\UWP\UWP.SQLite\UWP.SQLite.csproj", "{1B8324AB-133F-4610-9C8C-ABAF080F8818}"
EndProject
Project("{9A19103F-16F7-4668-BE54-9A1E7A4F7556}") = "UWP.Model", "GetStarted\UWP\UWP.Model\UWP.Model.csproj", "{F8B7FC64-1294-4A2B-B9D9-DC8419F2F489}"
EndProject
Project("{FAE04EC0-301F-11D3-BF4B-00C04F79EFBC}") = "TestProject", "Miscellaneous\Testing\TestProject\TestProject.csproj", "{F4468750-9480-48E0-AA7A-DE84780AE1C2}"
EndProject
Project("{FAE04EC0-301F-11D3-BF4B-00C04F79EFBC}") = "BusinessLogic", "Miscellaneous\Testing\BusinessLogic\BusinessLogic.csproj", "{60B2C7AF-655F-4709-9E7F-7403E61F3A08}"
EndProject
Project("{FAE04EC0-301F-11D3-BF4B-00C04F79EFBC}") = "Logging", "Miscellaneous\Logging\Logging\Logging.csproj", "{D3A5391D-9351-44D6-8122-2821C6E4BD62}"
EndProject
Project("{FAE04EC0-301F-11D3-BF4B-00C04F79EFBC}") = "Logging.ConsoleApp", "Miscellaneous\Logging\Logging.ConsoleApp\Logging.ConsoleApp.csproj", "{804A9357-D201-468C-ABB4-9B77E1D91EA3}"
EndProject
Project("{FAE04EC0-301F-11D3-BF4B-00C04F79EFBC}") = "ConsoleApp.NewDb", "GetStarted\FullNet\ConsoleApp.NewDb\ConsoleApp.NewDb.csproj", "{20019C8A-4100-47D0-88F3-AC2EBB38E27B}"
EndProject
Project("{FAE04EC0-301F-11D3-BF4B-00C04F79EFBC}") = "ConsoleApp.ExistingDb", "GetStarted\FullNet\ConsoleApp.ExistingDb\ConsoleApp.ExistingDb.csproj", "{2088F834-0305-4C03-89DD-3AB20D3FB753}"
EndProject
Project("{FAE04EC0-301F-11D3-BF4B-00C04F79EFBC}") = "Querying", "Querying\Querying\Querying.csproj", "{7DEB577A-52B8-4475-A109-689FD515AEEA}"
EndProject
Project("{FAE04EC0-301F-11D3-BF4B-00C04F79EFBC}") = "ConnectionResiliency", "Miscellaneous\ConnectionResiliency\ConnectionResiliency.csproj", "{73D58479-A7E6-4867-8A73-0E07E96C6117}"
EndProject
Project("{9A19103F-16F7-4668-BE54-9A1E7A4F7556}") = "EFGetStarted.AspNetCore.NewDb", "GetStarted\AspNetCore\EFGetStarted.AspNetCore.NewDb\EFGetStarted.AspNetCore.NewDb.csproj", "{B7FBD3B5-D3BF-42DE-B7A9-AE603A271349}"
EndProject
Project("{9A19103F-16F7-4668-BE54-9A1E7A4F7556}") = "EFGetStarted.AspNetCore.ExistingDb", "GetStarted\AspNetCore\EFGetStarted.AspNetCore.ExistingDb\EFGetStarted.AspNetCore.ExistingDb.csproj", "{E30A16E6-B621-4D3C-BE79-866510451752}"
EndProject
Project("{9A19103F-16F7-4668-BE54-9A1E7A4F7556}") = "ConsoleApp.SQLite", "GetStarted\NetCore\ConsoleApp.SQLite\ConsoleApp.SQLite.csproj", "{A45E289C-136C-4B0D-A1F7-BA62504AA67E}"
EndProject
Project("{9A19103F-16F7-4668-BE54-9A1E7A4F7556}") = "DynamicModel", "DynamicModel\DynamicModel.csproj", "{70D00673-084C-40B7-B0F1-67498593F8EE}"
EndProject
Global
	GlobalSection(SolutionConfigurationPlatforms) = preSolution
		Debug|Any CPU = Debug|Any CPU
		Debug|ARM = Debug|ARM
		Debug|x64 = Debug|x64
		Debug|x86 = Debug|x86
		Release|Any CPU = Release|Any CPU
		Release|ARM = Release|ARM
		Release|x64 = Release|x64
		Release|x86 = Release|x86
	EndGlobalSection
	GlobalSection(ProjectConfigurationPlatforms) = postSolution
		{353F06F1-F0E0-4A8F-83AA-7115CD05832D}.Debug|Any CPU.ActiveCfg = Debug|Any CPU
		{353F06F1-F0E0-4A8F-83AA-7115CD05832D}.Debug|Any CPU.Build.0 = Debug|Any CPU
		{353F06F1-F0E0-4A8F-83AA-7115CD05832D}.Debug|ARM.ActiveCfg = Debug|Any CPU
		{353F06F1-F0E0-4A8F-83AA-7115CD05832D}.Debug|ARM.Build.0 = Debug|Any CPU
		{353F06F1-F0E0-4A8F-83AA-7115CD05832D}.Debug|x64.ActiveCfg = Debug|Any CPU
		{353F06F1-F0E0-4A8F-83AA-7115CD05832D}.Debug|x64.Build.0 = Debug|Any CPU
		{353F06F1-F0E0-4A8F-83AA-7115CD05832D}.Debug|x86.ActiveCfg = Debug|Any CPU
		{353F06F1-F0E0-4A8F-83AA-7115CD05832D}.Debug|x86.Build.0 = Debug|Any CPU
		{353F06F1-F0E0-4A8F-83AA-7115CD05832D}.Release|Any CPU.ActiveCfg = Release|Any CPU
		{353F06F1-F0E0-4A8F-83AA-7115CD05832D}.Release|Any CPU.Build.0 = Release|Any CPU
		{353F06F1-F0E0-4A8F-83AA-7115CD05832D}.Release|ARM.ActiveCfg = Release|Any CPU
		{353F06F1-F0E0-4A8F-83AA-7115CD05832D}.Release|ARM.Build.0 = Release|Any CPU
		{353F06F1-F0E0-4A8F-83AA-7115CD05832D}.Release|x64.ActiveCfg = Release|Any CPU
		{353F06F1-F0E0-4A8F-83AA-7115CD05832D}.Release|x64.Build.0 = Release|Any CPU
		{353F06F1-F0E0-4A8F-83AA-7115CD05832D}.Release|x86.ActiveCfg = Release|Any CPU
		{353F06F1-F0E0-4A8F-83AA-7115CD05832D}.Release|x86.Build.0 = Release|Any CPU
		{F583DA77-954C-4C4E-9F46-846CB39208DE}.Debug|Any CPU.ActiveCfg = Debug|Any CPU
		{F583DA77-954C-4C4E-9F46-846CB39208DE}.Debug|Any CPU.Build.0 = Debug|Any CPU
		{F583DA77-954C-4C4E-9F46-846CB39208DE}.Debug|ARM.ActiveCfg = Debug|Any CPU
		{F583DA77-954C-4C4E-9F46-846CB39208DE}.Debug|ARM.Build.0 = Debug|Any CPU
		{F583DA77-954C-4C4E-9F46-846CB39208DE}.Debug|x64.ActiveCfg = Debug|Any CPU
		{F583DA77-954C-4C4E-9F46-846CB39208DE}.Debug|x64.Build.0 = Debug|Any CPU
		{F583DA77-954C-4C4E-9F46-846CB39208DE}.Debug|x86.ActiveCfg = Debug|Any CPU
		{F583DA77-954C-4C4E-9F46-846CB39208DE}.Debug|x86.Build.0 = Debug|Any CPU
		{F583DA77-954C-4C4E-9F46-846CB39208DE}.Release|Any CPU.ActiveCfg = Release|Any CPU
		{F583DA77-954C-4C4E-9F46-846CB39208DE}.Release|Any CPU.Build.0 = Release|Any CPU
		{F583DA77-954C-4C4E-9F46-846CB39208DE}.Release|ARM.ActiveCfg = Release|Any CPU
		{F583DA77-954C-4C4E-9F46-846CB39208DE}.Release|ARM.Build.0 = Release|Any CPU
		{F583DA77-954C-4C4E-9F46-846CB39208DE}.Release|x64.ActiveCfg = Release|Any CPU
		{F583DA77-954C-4C4E-9F46-846CB39208DE}.Release|x64.Build.0 = Release|Any CPU
		{F583DA77-954C-4C4E-9F46-846CB39208DE}.Release|x86.ActiveCfg = Release|Any CPU
		{F583DA77-954C-4C4E-9F46-846CB39208DE}.Release|x86.Build.0 = Release|Any CPU
		{20E1786B-FA14-4470-8B90-62A0C197E54D}.Debug|Any CPU.ActiveCfg = Debug|Any CPU
		{20E1786B-FA14-4470-8B90-62A0C197E54D}.Debug|Any CPU.Build.0 = Debug|Any CPU
		{20E1786B-FA14-4470-8B90-62A0C197E54D}.Debug|ARM.ActiveCfg = Debug|Any CPU
		{20E1786B-FA14-4470-8B90-62A0C197E54D}.Debug|ARM.Build.0 = Debug|Any CPU
		{20E1786B-FA14-4470-8B90-62A0C197E54D}.Debug|x64.ActiveCfg = Debug|Any CPU
		{20E1786B-FA14-4470-8B90-62A0C197E54D}.Debug|x64.Build.0 = Debug|Any CPU
		{20E1786B-FA14-4470-8B90-62A0C197E54D}.Debug|x86.ActiveCfg = Debug|Any CPU
		{20E1786B-FA14-4470-8B90-62A0C197E54D}.Debug|x86.Build.0 = Debug|Any CPU
		{20E1786B-FA14-4470-8B90-62A0C197E54D}.Release|Any CPU.ActiveCfg = Release|Any CPU
		{20E1786B-FA14-4470-8B90-62A0C197E54D}.Release|Any CPU.Build.0 = Release|Any CPU
		{20E1786B-FA14-4470-8B90-62A0C197E54D}.Release|ARM.ActiveCfg = Release|Any CPU
		{20E1786B-FA14-4470-8B90-62A0C197E54D}.Release|ARM.Build.0 = Release|Any CPU
		{20E1786B-FA14-4470-8B90-62A0C197E54D}.Release|x64.ActiveCfg = Release|Any CPU
		{20E1786B-FA14-4470-8B90-62A0C197E54D}.Release|x64.Build.0 = Release|Any CPU
		{20E1786B-FA14-4470-8B90-62A0C197E54D}.Release|x86.ActiveCfg = Release|Any CPU
		{20E1786B-FA14-4470-8B90-62A0C197E54D}.Release|x86.Build.0 = Release|Any CPU
		{73E054DC-BF55-4717-A729-7FA53382E0EA}.Debug|Any CPU.ActiveCfg = Debug|Any CPU
		{73E054DC-BF55-4717-A729-7FA53382E0EA}.Debug|Any CPU.Build.0 = Debug|Any CPU
		{73E054DC-BF55-4717-A729-7FA53382E0EA}.Debug|ARM.ActiveCfg = Debug|Any CPU
		{73E054DC-BF55-4717-A729-7FA53382E0EA}.Debug|ARM.Build.0 = Debug|Any CPU
		{73E054DC-BF55-4717-A729-7FA53382E0EA}.Debug|x64.ActiveCfg = Debug|Any CPU
		{73E054DC-BF55-4717-A729-7FA53382E0EA}.Debug|x64.Build.0 = Debug|Any CPU
		{73E054DC-BF55-4717-A729-7FA53382E0EA}.Debug|x86.ActiveCfg = Debug|Any CPU
		{73E054DC-BF55-4717-A729-7FA53382E0EA}.Debug|x86.Build.0 = Debug|Any CPU
		{73E054DC-BF55-4717-A729-7FA53382E0EA}.Release|Any CPU.ActiveCfg = Release|Any CPU
		{73E054DC-BF55-4717-A729-7FA53382E0EA}.Release|Any CPU.Build.0 = Release|Any CPU
		{73E054DC-BF55-4717-A729-7FA53382E0EA}.Release|ARM.ActiveCfg = Release|Any CPU
		{73E054DC-BF55-4717-A729-7FA53382E0EA}.Release|ARM.Build.0 = Release|Any CPU
		{73E054DC-BF55-4717-A729-7FA53382E0EA}.Release|x64.ActiveCfg = Release|Any CPU
		{73E054DC-BF55-4717-A729-7FA53382E0EA}.Release|x64.Build.0 = Release|Any CPU
		{73E054DC-BF55-4717-A729-7FA53382E0EA}.Release|x86.ActiveCfg = Release|Any CPU
		{73E054DC-BF55-4717-A729-7FA53382E0EA}.Release|x86.Build.0 = Release|Any CPU
		{1B8324AB-133F-4610-9C8C-ABAF080F8818}.Debug|Any CPU.ActiveCfg = Debug|x86
		{1B8324AB-133F-4610-9C8C-ABAF080F8818}.Debug|Any CPU.Build.0 = Debug|x86
		{1B8324AB-133F-4610-9C8C-ABAF080F8818}.Debug|Any CPU.Deploy.0 = Debug|x86
		{1B8324AB-133F-4610-9C8C-ABAF080F8818}.Debug|ARM.ActiveCfg = Debug|ARM
		{1B8324AB-133F-4610-9C8C-ABAF080F8818}.Debug|ARM.Build.0 = Debug|ARM
		{1B8324AB-133F-4610-9C8C-ABAF080F8818}.Debug|ARM.Deploy.0 = Debug|ARM
		{1B8324AB-133F-4610-9C8C-ABAF080F8818}.Debug|x64.ActiveCfg = Debug|x64
		{1B8324AB-133F-4610-9C8C-ABAF080F8818}.Debug|x64.Build.0 = Debug|x64
		{1B8324AB-133F-4610-9C8C-ABAF080F8818}.Debug|x64.Deploy.0 = Debug|x64
		{1B8324AB-133F-4610-9C8C-ABAF080F8818}.Debug|x86.ActiveCfg = Debug|x86
		{1B8324AB-133F-4610-9C8C-ABAF080F8818}.Debug|x86.Build.0 = Debug|x86
		{1B8324AB-133F-4610-9C8C-ABAF080F8818}.Debug|x86.Deploy.0 = Debug|x86
		{1B8324AB-133F-4610-9C8C-ABAF080F8818}.Release|Any CPU.ActiveCfg = Release|x86
		{1B8324AB-133F-4610-9C8C-ABAF080F8818}.Release|Any CPU.Build.0 = Release|x86
		{1B8324AB-133F-4610-9C8C-ABAF080F8818}.Release|Any CPU.Deploy.0 = Release|x86
		{1B8324AB-133F-4610-9C8C-ABAF080F8818}.Release|ARM.ActiveCfg = Release|ARM
		{1B8324AB-133F-4610-9C8C-ABAF080F8818}.Release|ARM.Build.0 = Release|ARM
		{1B8324AB-133F-4610-9C8C-ABAF080F8818}.Release|ARM.Deploy.0 = Release|ARM
		{1B8324AB-133F-4610-9C8C-ABAF080F8818}.Release|x64.ActiveCfg = Release|x64
		{1B8324AB-133F-4610-9C8C-ABAF080F8818}.Release|x64.Build.0 = Release|x64
		{1B8324AB-133F-4610-9C8C-ABAF080F8818}.Release|x64.Deploy.0 = Release|x64
		{1B8324AB-133F-4610-9C8C-ABAF080F8818}.Release|x86.ActiveCfg = Release|x86
		{1B8324AB-133F-4610-9C8C-ABAF080F8818}.Release|x86.Build.0 = Release|x86
		{1B8324AB-133F-4610-9C8C-ABAF080F8818}.Release|x86.Deploy.0 = Release|x86
		{F8B7FC64-1294-4A2B-B9D9-DC8419F2F489}.Debug|Any CPU.ActiveCfg = Debug|Any CPU
		{F8B7FC64-1294-4A2B-B9D9-DC8419F2F489}.Debug|Any CPU.Build.0 = Debug|Any CPU
		{F8B7FC64-1294-4A2B-B9D9-DC8419F2F489}.Debug|ARM.ActiveCfg = Debug|Any CPU
		{F8B7FC64-1294-4A2B-B9D9-DC8419F2F489}.Debug|ARM.Build.0 = Debug|Any CPU
		{F8B7FC64-1294-4A2B-B9D9-DC8419F2F489}.Debug|x64.ActiveCfg = Debug|Any CPU
		{F8B7FC64-1294-4A2B-B9D9-DC8419F2F489}.Debug|x64.Build.0 = Debug|Any CPU
		{F8B7FC64-1294-4A2B-B9D9-DC8419F2F489}.Debug|x86.ActiveCfg = Debug|Any CPU
		{F8B7FC64-1294-4A2B-B9D9-DC8419F2F489}.Debug|x86.Build.0 = Debug|Any CPU
		{F8B7FC64-1294-4A2B-B9D9-DC8419F2F489}.Release|Any CPU.ActiveCfg = Release|Any CPU
		{F8B7FC64-1294-4A2B-B9D9-DC8419F2F489}.Release|Any CPU.Build.0 = Release|Any CPU
		{F8B7FC64-1294-4A2B-B9D9-DC8419F2F489}.Release|ARM.ActiveCfg = Release|Any CPU
		{F8B7FC64-1294-4A2B-B9D9-DC8419F2F489}.Release|ARM.Build.0 = Release|Any CPU
		{F8B7FC64-1294-4A2B-B9D9-DC8419F2F489}.Release|x64.ActiveCfg = Release|Any CPU
		{F8B7FC64-1294-4A2B-B9D9-DC8419F2F489}.Release|x64.Build.0 = Release|Any CPU
		{F8B7FC64-1294-4A2B-B9D9-DC8419F2F489}.Release|x86.ActiveCfg = Release|Any CPU
		{F8B7FC64-1294-4A2B-B9D9-DC8419F2F489}.Release|x86.Build.0 = Release|Any CPU
		{F4468750-9480-48E0-AA7A-DE84780AE1C2}.Debug|Any CPU.ActiveCfg = Debug|Any CPU
		{F4468750-9480-48E0-AA7A-DE84780AE1C2}.Debug|Any CPU.Build.0 = Debug|Any CPU
		{F4468750-9480-48E0-AA7A-DE84780AE1C2}.Debug|ARM.ActiveCfg = Debug|Any CPU
		{F4468750-9480-48E0-AA7A-DE84780AE1C2}.Debug|ARM.Build.0 = Debug|Any CPU
		{F4468750-9480-48E0-AA7A-DE84780AE1C2}.Debug|x64.ActiveCfg = Debug|Any CPU
		{F4468750-9480-48E0-AA7A-DE84780AE1C2}.Debug|x64.Build.0 = Debug|Any CPU
		{F4468750-9480-48E0-AA7A-DE84780AE1C2}.Debug|x86.ActiveCfg = Debug|Any CPU
		{F4468750-9480-48E0-AA7A-DE84780AE1C2}.Debug|x86.Build.0 = Debug|Any CPU
		{F4468750-9480-48E0-AA7A-DE84780AE1C2}.Release|Any CPU.ActiveCfg = Release|Any CPU
		{F4468750-9480-48E0-AA7A-DE84780AE1C2}.Release|Any CPU.Build.0 = Release|Any CPU
		{F4468750-9480-48E0-AA7A-DE84780AE1C2}.Release|ARM.ActiveCfg = Release|Any CPU
		{F4468750-9480-48E0-AA7A-DE84780AE1C2}.Release|ARM.Build.0 = Release|Any CPU
		{F4468750-9480-48E0-AA7A-DE84780AE1C2}.Release|x64.ActiveCfg = Release|Any CPU
		{F4468750-9480-48E0-AA7A-DE84780AE1C2}.Release|x64.Build.0 = Release|Any CPU
		{F4468750-9480-48E0-AA7A-DE84780AE1C2}.Release|x86.ActiveCfg = Release|Any CPU
		{F4468750-9480-48E0-AA7A-DE84780AE1C2}.Release|x86.Build.0 = Release|Any CPU
		{60B2C7AF-655F-4709-9E7F-7403E61F3A08}.Debug|Any CPU.ActiveCfg = Debug|Any CPU
		{60B2C7AF-655F-4709-9E7F-7403E61F3A08}.Debug|Any CPU.Build.0 = Debug|Any CPU
		{60B2C7AF-655F-4709-9E7F-7403E61F3A08}.Debug|ARM.ActiveCfg = Debug|Any CPU
		{60B2C7AF-655F-4709-9E7F-7403E61F3A08}.Debug|ARM.Build.0 = Debug|Any CPU
		{60B2C7AF-655F-4709-9E7F-7403E61F3A08}.Debug|x64.ActiveCfg = Debug|Any CPU
		{60B2C7AF-655F-4709-9E7F-7403E61F3A08}.Debug|x64.Build.0 = Debug|Any CPU
		{60B2C7AF-655F-4709-9E7F-7403E61F3A08}.Debug|x86.ActiveCfg = Debug|Any CPU
		{60B2C7AF-655F-4709-9E7F-7403E61F3A08}.Debug|x86.Build.0 = Debug|Any CPU
		{60B2C7AF-655F-4709-9E7F-7403E61F3A08}.Release|Any CPU.ActiveCfg = Release|Any CPU
		{60B2C7AF-655F-4709-9E7F-7403E61F3A08}.Release|Any CPU.Build.0 = Release|Any CPU
		{60B2C7AF-655F-4709-9E7F-7403E61F3A08}.Release|ARM.ActiveCfg = Release|Any CPU
		{60B2C7AF-655F-4709-9E7F-7403E61F3A08}.Release|ARM.Build.0 = Release|Any CPU
		{60B2C7AF-655F-4709-9E7F-7403E61F3A08}.Release|x64.ActiveCfg = Release|Any CPU
		{60B2C7AF-655F-4709-9E7F-7403E61F3A08}.Release|x64.Build.0 = Release|Any CPU
		{60B2C7AF-655F-4709-9E7F-7403E61F3A08}.Release|x86.ActiveCfg = Release|Any CPU
		{60B2C7AF-655F-4709-9E7F-7403E61F3A08}.Release|x86.Build.0 = Release|Any CPU
		{D3A5391D-9351-44D6-8122-2821C6E4BD62}.Debug|Any CPU.ActiveCfg = Debug|Any CPU
		{D3A5391D-9351-44D6-8122-2821C6E4BD62}.Debug|Any CPU.Build.0 = Debug|Any CPU
		{D3A5391D-9351-44D6-8122-2821C6E4BD62}.Debug|ARM.ActiveCfg = Debug|Any CPU
		{D3A5391D-9351-44D6-8122-2821C6E4BD62}.Debug|ARM.Build.0 = Debug|Any CPU
		{D3A5391D-9351-44D6-8122-2821C6E4BD62}.Debug|x64.ActiveCfg = Debug|Any CPU
		{D3A5391D-9351-44D6-8122-2821C6E4BD62}.Debug|x64.Build.0 = Debug|Any CPU
		{D3A5391D-9351-44D6-8122-2821C6E4BD62}.Debug|x86.ActiveCfg = Debug|Any CPU
		{D3A5391D-9351-44D6-8122-2821C6E4BD62}.Debug|x86.Build.0 = Debug|Any CPU
		{D3A5391D-9351-44D6-8122-2821C6E4BD62}.Release|Any CPU.ActiveCfg = Release|Any CPU
		{D3A5391D-9351-44D6-8122-2821C6E4BD62}.Release|Any CPU.Build.0 = Release|Any CPU
		{D3A5391D-9351-44D6-8122-2821C6E4BD62}.Release|ARM.ActiveCfg = Release|Any CPU
		{D3A5391D-9351-44D6-8122-2821C6E4BD62}.Release|ARM.Build.0 = Release|Any CPU
		{D3A5391D-9351-44D6-8122-2821C6E4BD62}.Release|x64.ActiveCfg = Release|Any CPU
		{D3A5391D-9351-44D6-8122-2821C6E4BD62}.Release|x64.Build.0 = Release|Any CPU
		{D3A5391D-9351-44D6-8122-2821C6E4BD62}.Release|x86.ActiveCfg = Release|Any CPU
		{D3A5391D-9351-44D6-8122-2821C6E4BD62}.Release|x86.Build.0 = Release|Any CPU
		{804A9357-D201-468C-ABB4-9B77E1D91EA3}.Debug|Any CPU.ActiveCfg = Debug|Any CPU
		{804A9357-D201-468C-ABB4-9B77E1D91EA3}.Debug|Any CPU.Build.0 = Debug|Any CPU
		{804A9357-D201-468C-ABB4-9B77E1D91EA3}.Debug|ARM.ActiveCfg = Debug|Any CPU
		{804A9357-D201-468C-ABB4-9B77E1D91EA3}.Debug|ARM.Build.0 = Debug|Any CPU
		{804A9357-D201-468C-ABB4-9B77E1D91EA3}.Debug|x64.ActiveCfg = Debug|Any CPU
		{804A9357-D201-468C-ABB4-9B77E1D91EA3}.Debug|x64.Build.0 = Debug|Any CPU
		{804A9357-D201-468C-ABB4-9B77E1D91EA3}.Debug|x86.ActiveCfg = Debug|Any CPU
		{804A9357-D201-468C-ABB4-9B77E1D91EA3}.Debug|x86.Build.0 = Debug|Any CPU
		{804A9357-D201-468C-ABB4-9B77E1D91EA3}.Release|Any CPU.ActiveCfg = Release|Any CPU
		{804A9357-D201-468C-ABB4-9B77E1D91EA3}.Release|Any CPU.Build.0 = Release|Any CPU
		{804A9357-D201-468C-ABB4-9B77E1D91EA3}.Release|ARM.ActiveCfg = Release|Any CPU
		{804A9357-D201-468C-ABB4-9B77E1D91EA3}.Release|ARM.Build.0 = Release|Any CPU
		{804A9357-D201-468C-ABB4-9B77E1D91EA3}.Release|x64.ActiveCfg = Release|Any CPU
		{804A9357-D201-468C-ABB4-9B77E1D91EA3}.Release|x64.Build.0 = Release|Any CPU
		{804A9357-D201-468C-ABB4-9B77E1D91EA3}.Release|x86.ActiveCfg = Release|Any CPU
		{804A9357-D201-468C-ABB4-9B77E1D91EA3}.Release|x86.Build.0 = Release|Any CPU
		{20019C8A-4100-47D0-88F3-AC2EBB38E27B}.Debug|Any CPU.ActiveCfg = Debug|Any CPU
		{20019C8A-4100-47D0-88F3-AC2EBB38E27B}.Debug|Any CPU.Build.0 = Debug|Any CPU
		{20019C8A-4100-47D0-88F3-AC2EBB38E27B}.Debug|ARM.ActiveCfg = Debug|Any CPU
		{20019C8A-4100-47D0-88F3-AC2EBB38E27B}.Debug|ARM.Build.0 = Debug|Any CPU
		{20019C8A-4100-47D0-88F3-AC2EBB38E27B}.Debug|x64.ActiveCfg = Debug|Any CPU
		{20019C8A-4100-47D0-88F3-AC2EBB38E27B}.Debug|x64.Build.0 = Debug|Any CPU
		{20019C8A-4100-47D0-88F3-AC2EBB38E27B}.Debug|x86.ActiveCfg = Debug|Any CPU
		{20019C8A-4100-47D0-88F3-AC2EBB38E27B}.Debug|x86.Build.0 = Debug|Any CPU
		{20019C8A-4100-47D0-88F3-AC2EBB38E27B}.Release|Any CPU.ActiveCfg = Release|Any CPU
		{20019C8A-4100-47D0-88F3-AC2EBB38E27B}.Release|Any CPU.Build.0 = Release|Any CPU
		{20019C8A-4100-47D0-88F3-AC2EBB38E27B}.Release|ARM.ActiveCfg = Release|Any CPU
		{20019C8A-4100-47D0-88F3-AC2EBB38E27B}.Release|ARM.Build.0 = Release|Any CPU
		{20019C8A-4100-47D0-88F3-AC2EBB38E27B}.Release|x64.ActiveCfg = Release|Any CPU
		{20019C8A-4100-47D0-88F3-AC2EBB38E27B}.Release|x64.Build.0 = Release|Any CPU
		{20019C8A-4100-47D0-88F3-AC2EBB38E27B}.Release|x86.ActiveCfg = Release|Any CPU
		{20019C8A-4100-47D0-88F3-AC2EBB38E27B}.Release|x86.Build.0 = Release|Any CPU
		{2088F834-0305-4C03-89DD-3AB20D3FB753}.Debug|Any CPU.ActiveCfg = Debug|Any CPU
		{2088F834-0305-4C03-89DD-3AB20D3FB753}.Debug|Any CPU.Build.0 = Debug|Any CPU
		{2088F834-0305-4C03-89DD-3AB20D3FB753}.Debug|ARM.ActiveCfg = Debug|Any CPU
		{2088F834-0305-4C03-89DD-3AB20D3FB753}.Debug|ARM.Build.0 = Debug|Any CPU
		{2088F834-0305-4C03-89DD-3AB20D3FB753}.Debug|x64.ActiveCfg = Debug|Any CPU
		{2088F834-0305-4C03-89DD-3AB20D3FB753}.Debug|x64.Build.0 = Debug|Any CPU
		{2088F834-0305-4C03-89DD-3AB20D3FB753}.Debug|x86.ActiveCfg = Debug|Any CPU
		{2088F834-0305-4C03-89DD-3AB20D3FB753}.Debug|x86.Build.0 = Debug|Any CPU
		{2088F834-0305-4C03-89DD-3AB20D3FB753}.Release|Any CPU.ActiveCfg = Release|Any CPU
		{2088F834-0305-4C03-89DD-3AB20D3FB753}.Release|Any CPU.Build.0 = Release|Any CPU
		{2088F834-0305-4C03-89DD-3AB20D3FB753}.Release|ARM.ActiveCfg = Release|Any CPU
		{2088F834-0305-4C03-89DD-3AB20D3FB753}.Release|ARM.Build.0 = Release|Any CPU
		{2088F834-0305-4C03-89DD-3AB20D3FB753}.Release|x64.ActiveCfg = Release|Any CPU
		{2088F834-0305-4C03-89DD-3AB20D3FB753}.Release|x64.Build.0 = Release|Any CPU
		{2088F834-0305-4C03-89DD-3AB20D3FB753}.Release|x86.ActiveCfg = Release|Any CPU
		{2088F834-0305-4C03-89DD-3AB20D3FB753}.Release|x86.Build.0 = Release|Any CPU
		{7DEB577A-52B8-4475-A109-689FD515AEEA}.Debug|Any CPU.ActiveCfg = Debug|Any CPU
		{7DEB577A-52B8-4475-A109-689FD515AEEA}.Debug|Any CPU.Build.0 = Debug|Any CPU
		{7DEB577A-52B8-4475-A109-689FD515AEEA}.Debug|ARM.ActiveCfg = Debug|Any CPU
		{7DEB577A-52B8-4475-A109-689FD515AEEA}.Debug|ARM.Build.0 = Debug|Any CPU
		{7DEB577A-52B8-4475-A109-689FD515AEEA}.Debug|x64.ActiveCfg = Debug|Any CPU
		{7DEB577A-52B8-4475-A109-689FD515AEEA}.Debug|x64.Build.0 = Debug|Any CPU
		{7DEB577A-52B8-4475-A109-689FD515AEEA}.Debug|x86.ActiveCfg = Debug|Any CPU
		{7DEB577A-52B8-4475-A109-689FD515AEEA}.Debug|x86.Build.0 = Debug|Any CPU
		{7DEB577A-52B8-4475-A109-689FD515AEEA}.Release|Any CPU.ActiveCfg = Release|Any CPU
		{7DEB577A-52B8-4475-A109-689FD515AEEA}.Release|Any CPU.Build.0 = Release|Any CPU
		{7DEB577A-52B8-4475-A109-689FD515AEEA}.Release|ARM.ActiveCfg = Release|Any CPU
		{7DEB577A-52B8-4475-A109-689FD515AEEA}.Release|ARM.Build.0 = Release|Any CPU
		{7DEB577A-52B8-4475-A109-689FD515AEEA}.Release|x64.ActiveCfg = Release|Any CPU
		{7DEB577A-52B8-4475-A109-689FD515AEEA}.Release|x64.Build.0 = Release|Any CPU
		{7DEB577A-52B8-4475-A109-689FD515AEEA}.Release|x86.ActiveCfg = Release|Any CPU
		{7DEB577A-52B8-4475-A109-689FD515AEEA}.Release|x86.Build.0 = Release|Any CPU
		{73D58479-A7E6-4867-8A73-0E07E96C6117}.Debug|Any CPU.ActiveCfg = Debug|Any CPU
		{73D58479-A7E6-4867-8A73-0E07E96C6117}.Debug|Any CPU.Build.0 = Debug|Any CPU
		{73D58479-A7E6-4867-8A73-0E07E96C6117}.Debug|ARM.ActiveCfg = Debug|Any CPU
		{73D58479-A7E6-4867-8A73-0E07E96C6117}.Debug|ARM.Build.0 = Debug|Any CPU
		{73D58479-A7E6-4867-8A73-0E07E96C6117}.Debug|x64.ActiveCfg = Debug|Any CPU
		{73D58479-A7E6-4867-8A73-0E07E96C6117}.Debug|x64.Build.0 = Debug|Any CPU
		{73D58479-A7E6-4867-8A73-0E07E96C6117}.Debug|x86.ActiveCfg = Debug|Any CPU
		{73D58479-A7E6-4867-8A73-0E07E96C6117}.Debug|x86.Build.0 = Debug|Any CPU
		{73D58479-A7E6-4867-8A73-0E07E96C6117}.Release|Any CPU.ActiveCfg = Release|Any CPU
		{73D58479-A7E6-4867-8A73-0E07E96C6117}.Release|Any CPU.Build.0 = Release|Any CPU
		{73D58479-A7E6-4867-8A73-0E07E96C6117}.Release|ARM.ActiveCfg = Release|Any CPU
		{73D58479-A7E6-4867-8A73-0E07E96C6117}.Release|ARM.Build.0 = Release|Any CPU
		{73D58479-A7E6-4867-8A73-0E07E96C6117}.Release|x64.ActiveCfg = Release|Any CPU
		{73D58479-A7E6-4867-8A73-0E07E96C6117}.Release|x64.Build.0 = Release|Any CPU
		{73D58479-A7E6-4867-8A73-0E07E96C6117}.Release|x86.ActiveCfg = Release|Any CPU
		{73D58479-A7E6-4867-8A73-0E07E96C6117}.Release|x86.Build.0 = Release|Any CPU
		{B7FBD3B5-D3BF-42DE-B7A9-AE603A271349}.Debug|Any CPU.ActiveCfg = Debug|Any CPU
		{B7FBD3B5-D3BF-42DE-B7A9-AE603A271349}.Debug|Any CPU.Build.0 = Debug|Any CPU
		{B7FBD3B5-D3BF-42DE-B7A9-AE603A271349}.Debug|ARM.ActiveCfg = Debug|Any CPU
		{B7FBD3B5-D3BF-42DE-B7A9-AE603A271349}.Debug|ARM.Build.0 = Debug|Any CPU
		{B7FBD3B5-D3BF-42DE-B7A9-AE603A271349}.Debug|x64.ActiveCfg = Debug|Any CPU
		{B7FBD3B5-D3BF-42DE-B7A9-AE603A271349}.Debug|x64.Build.0 = Debug|Any CPU
		{B7FBD3B5-D3BF-42DE-B7A9-AE603A271349}.Debug|x86.ActiveCfg = Debug|Any CPU
		{B7FBD3B5-D3BF-42DE-B7A9-AE603A271349}.Debug|x86.Build.0 = Debug|Any CPU
		{B7FBD3B5-D3BF-42DE-B7A9-AE603A271349}.Release|Any CPU.ActiveCfg = Release|Any CPU
		{B7FBD3B5-D3BF-42DE-B7A9-AE603A271349}.Release|Any CPU.Build.0 = Release|Any CPU
		{B7FBD3B5-D3BF-42DE-B7A9-AE603A271349}.Release|ARM.ActiveCfg = Release|Any CPU
		{B7FBD3B5-D3BF-42DE-B7A9-AE603A271349}.Release|ARM.Build.0 = Release|Any CPU
		{B7FBD3B5-D3BF-42DE-B7A9-AE603A271349}.Release|x64.ActiveCfg = Release|Any CPU
		{B7FBD3B5-D3BF-42DE-B7A9-AE603A271349}.Release|x64.Build.0 = Release|Any CPU
		{B7FBD3B5-D3BF-42DE-B7A9-AE603A271349}.Release|x86.ActiveCfg = Release|Any CPU
		{B7FBD3B5-D3BF-42DE-B7A9-AE603A271349}.Release|x86.Build.0 = Release|Any CPU
		{E30A16E6-B621-4D3C-BE79-866510451752}.Debug|Any CPU.ActiveCfg = Debug|Any CPU
		{E30A16E6-B621-4D3C-BE79-866510451752}.Debug|Any CPU.Build.0 = Debug|Any CPU
		{E30A16E6-B621-4D3C-BE79-866510451752}.Debug|ARM.ActiveCfg = Debug|Any CPU
		{E30A16E6-B621-4D3C-BE79-866510451752}.Debug|ARM.Build.0 = Debug|Any CPU
		{E30A16E6-B621-4D3C-BE79-866510451752}.Debug|x64.ActiveCfg = Debug|Any CPU
		{E30A16E6-B621-4D3C-BE79-866510451752}.Debug|x64.Build.0 = Debug|Any CPU
		{E30A16E6-B621-4D3C-BE79-866510451752}.Debug|x86.ActiveCfg = Debug|Any CPU
		{E30A16E6-B621-4D3C-BE79-866510451752}.Debug|x86.Build.0 = Debug|Any CPU
		{E30A16E6-B621-4D3C-BE79-866510451752}.Release|Any CPU.ActiveCfg = Release|Any CPU
		{E30A16E6-B621-4D3C-BE79-866510451752}.Release|Any CPU.Build.0 = Release|Any CPU
		{E30A16E6-B621-4D3C-BE79-866510451752}.Release|ARM.ActiveCfg = Release|Any CPU
		{E30A16E6-B621-4D3C-BE79-866510451752}.Release|ARM.Build.0 = Release|Any CPU
		{E30A16E6-B621-4D3C-BE79-866510451752}.Release|x64.ActiveCfg = Release|Any CPU
		{E30A16E6-B621-4D3C-BE79-866510451752}.Release|x64.Build.0 = Release|Any CPU
		{E30A16E6-B621-4D3C-BE79-866510451752}.Release|x86.ActiveCfg = Release|Any CPU
		{E30A16E6-B621-4D3C-BE79-866510451752}.Release|x86.Build.0 = Release|Any CPU
		{A45E289C-136C-4B0D-A1F7-BA62504AA67E}.Debug|Any CPU.ActiveCfg = Debug|Any CPU
		{A45E289C-136C-4B0D-A1F7-BA62504AA67E}.Debug|Any CPU.Build.0 = Debug|Any CPU
		{A45E289C-136C-4B0D-A1F7-BA62504AA67E}.Debug|ARM.ActiveCfg = Debug|Any CPU
		{A45E289C-136C-4B0D-A1F7-BA62504AA67E}.Debug|ARM.Build.0 = Debug|Any CPU
		{A45E289C-136C-4B0D-A1F7-BA62504AA67E}.Debug|x64.ActiveCfg = Debug|Any CPU
		{A45E289C-136C-4B0D-A1F7-BA62504AA67E}.Debug|x64.Build.0 = Debug|Any CPU
		{A45E289C-136C-4B0D-A1F7-BA62504AA67E}.Debug|x86.ActiveCfg = Debug|Any CPU
		{A45E289C-136C-4B0D-A1F7-BA62504AA67E}.Debug|x86.Build.0 = Debug|Any CPU
		{A45E289C-136C-4B0D-A1F7-BA62504AA67E}.Release|Any CPU.ActiveCfg = Release|Any CPU
		{A45E289C-136C-4B0D-A1F7-BA62504AA67E}.Release|Any CPU.Build.0 = Release|Any CPU
		{A45E289C-136C-4B0D-A1F7-BA62504AA67E}.Release|ARM.ActiveCfg = Release|Any CPU
		{A45E289C-136C-4B0D-A1F7-BA62504AA67E}.Release|ARM.Build.0 = Release|Any CPU
		{A45E289C-136C-4B0D-A1F7-BA62504AA67E}.Release|x64.ActiveCfg = Release|Any CPU
		{A45E289C-136C-4B0D-A1F7-BA62504AA67E}.Release|x64.Build.0 = Release|Any CPU
		{A45E289C-136C-4B0D-A1F7-BA62504AA67E}.Release|x86.ActiveCfg = Release|Any CPU
		{A45E289C-136C-4B0D-A1F7-BA62504AA67E}.Release|x86.Build.0 = Release|Any CPU
		{70D00673-084C-40B7-B0F1-67498593F8EE}.Debug|Any CPU.ActiveCfg = Debug|Any CPU
		{70D00673-084C-40B7-B0F1-67498593F8EE}.Debug|Any CPU.Build.0 = Debug|Any CPU
		{70D00673-084C-40B7-B0F1-67498593F8EE}.Debug|ARM.ActiveCfg = Debug|Any CPU
		{70D00673-084C-40B7-B0F1-67498593F8EE}.Debug|ARM.Build.0 = Debug|Any CPU
		{70D00673-084C-40B7-B0F1-67498593F8EE}.Debug|x64.ActiveCfg = Debug|Any CPU
		{70D00673-084C-40B7-B0F1-67498593F8EE}.Debug|x64.Build.0 = Debug|Any CPU
		{70D00673-084C-40B7-B0F1-67498593F8EE}.Debug|x86.ActiveCfg = Debug|Any CPU
		{70D00673-084C-40B7-B0F1-67498593F8EE}.Debug|x86.Build.0 = Debug|Any CPU
		{70D00673-084C-40B7-B0F1-67498593F8EE}.Release|Any CPU.ActiveCfg = Release|Any CPU
		{70D00673-084C-40B7-B0F1-67498593F8EE}.Release|Any CPU.Build.0 = Release|Any CPU
		{70D00673-084C-40B7-B0F1-67498593F8EE}.Release|ARM.ActiveCfg = Release|Any CPU
		{70D00673-084C-40B7-B0F1-67498593F8EE}.Release|ARM.Build.0 = Release|Any CPU
		{70D00673-084C-40B7-B0F1-67498593F8EE}.Release|x64.ActiveCfg = Release|Any CPU
		{70D00673-084C-40B7-B0F1-67498593F8EE}.Release|x64.Build.0 = Release|Any CPU
		{70D00673-084C-40B7-B0F1-67498593F8EE}.Release|x86.ActiveCfg = Release|Any CPU
		{70D00673-084C-40B7-B0F1-67498593F8EE}.Release|x86.Build.0 = Release|Any CPU
	EndGlobalSection
	GlobalSection(SolutionProperties) = preSolution
		HideSolutionNode = FALSE
	EndGlobalSection
	GlobalSection(NestedProjects) = preSolution
		{2D7D0958-8722-40E5-9BCB-A96B096E7534} = {9AE81D20-3DB5-4C4A-AFBB-3F6A460B0313}
		{851986F2-F49D-423A-8E60-1106EB6916F0} = {85AFD7F1-6943-40FE-B8EC-AA9DBB42CCA6}
		{4E2B02EE-0C76-42D6-BA0A-337D7680A5D6} = {85AFD7F1-6943-40FE-B8EC-AA9DBB42CCA6}
		{E1A10B1E-CD16-47BB-86C1-FE256F1AD0FB} = {9AE81D20-3DB5-4C4A-AFBB-3F6A460B0313}
		{8C67ADF8-D850-4D2E-9A73-E381D31B8C14} = {9AE81D20-3DB5-4C4A-AFBB-3F6A460B0313}
		{AC06E61C-1FE2-41B8-95E3-780051DA2275} = {9AE81D20-3DB5-4C4A-AFBB-3F6A460B0313}
		{353F06F1-F0E0-4A8F-83AA-7115CD05832D} = {1C11ABFE-D497-4CF5-B2F9-BC6C539B108A}
		{F583DA77-954C-4C4E-9F46-846CB39208DE} = {CA5046EC-C894-4535-8190-A31F75FDEB96}
		{20E1786B-FA14-4470-8B90-62A0C197E54D} = {CA5046EC-C894-4535-8190-A31F75FDEB96}
		{73E054DC-BF55-4717-A729-7FA53382E0EA} = {CA5046EC-C894-4535-8190-A31F75FDEB96}
		{1B8324AB-133F-4610-9C8C-ABAF080F8818} = {2D7D0958-8722-40E5-9BCB-A96B096E7534}
		{F8B7FC64-1294-4A2B-B9D9-DC8419F2F489} = {2D7D0958-8722-40E5-9BCB-A96B096E7534}
		{F4468750-9480-48E0-AA7A-DE84780AE1C2} = {4E2B02EE-0C76-42D6-BA0A-337D7680A5D6}
		{60B2C7AF-655F-4709-9E7F-7403E61F3A08} = {4E2B02EE-0C76-42D6-BA0A-337D7680A5D6}
		{D3A5391D-9351-44D6-8122-2821C6E4BD62} = {851986F2-F49D-423A-8E60-1106EB6916F0}
		{804A9357-D201-468C-ABB4-9B77E1D91EA3} = {851986F2-F49D-423A-8E60-1106EB6916F0}
		{20019C8A-4100-47D0-88F3-AC2EBB38E27B} = {8C67ADF8-D850-4D2E-9A73-E381D31B8C14}
		{2088F834-0305-4C03-89DD-3AB20D3FB753} = {8C67ADF8-D850-4D2E-9A73-E381D31B8C14}
		{7DEB577A-52B8-4475-A109-689FD515AEEA} = {9883287D-A497-400C-ACB8-6F6138591DEC}
		{73D58479-A7E6-4867-8A73-0E07E96C6117} = {85AFD7F1-6943-40FE-B8EC-AA9DBB42CCA6}
		{B7FBD3B5-D3BF-42DE-B7A9-AE603A271349} = {AC06E61C-1FE2-41B8-95E3-780051DA2275}
		{E30A16E6-B621-4D3C-BE79-866510451752} = {AC06E61C-1FE2-41B8-95E3-780051DA2275}
		{A45E289C-136C-4B0D-A1F7-BA62504AA67E} = {E1A10B1E-CD16-47BB-86C1-FE256F1AD0FB}
		{70D00673-084C-40B7-B0F1-67498593F8EE} = {CA5046EC-C894-4535-8190-A31F75FDEB96}
	EndGlobalSection
	GlobalSection(ExtensibilityGlobals) = postSolution
		SolutionGuid = {20C98D35-54EF-46A6-8F3B-1855C1AE4F70}
	EndGlobalSection
EndGlobal
