
Microsoft Visual Studio Solution File, Format Version 12.00
# Visual Studio 14
VisualStudioVersion = 14.0.25123.0
MinimumVisualStudioVersion = 10.0.40219.1
Project("{FAE04EC0-301F-11D3-BF4B-00C04F79EFBC}") = "Saving", "Saving\Saving\Saving.csproj", "{353F06F1-F0E0-4A8F-83AA-7115CD05832D}"
EndProject
Project("{2150E333-8FDC-42A3-9474-1A3956D46DE8}") = "AspNetCore", "AspNetCore", "{A732D593-D211-4AB5-AB08-3774E41EB3E5}"
EndProject
Project("{8BB2217D-0F2D-49D1-97BC-3654ED321F3B}") = "AspNetCore.NewDb", "GetStarted\AspNetCore\AspNetCore.NewDb\AspNetCore.NewDb.xproj", "{A5767B3A-38B7-411D-A374-6C31AEFBB3FC}"
EndProject
Project("{8BB2217D-0F2D-49D1-97BC-3654ED321F3B}") = "AspNetCore.ExistingDb", "GetStarted\AspNetCore\AspNetCore.ExistingDb\AspNetCore.ExistingDb.xproj", "{31E86A37-5EB3-45ED-9F81-C4AAD52765F7}"
EndProject
Project("{FAE04EC0-301F-11D3-BF4B-00C04F79EFBC}") = "DataAnnotations", "Modeling\DataAnnotations\DataAnnotations.csproj", "{F583DA77-954C-4C4E-9F46-846CB39208DE}"
EndProject
Project("{FAE04EC0-301F-11D3-BF4B-00C04F79EFBC}") = "FluentAPI", "Modeling\FluentAPI\FluentAPI.csproj", "{20E1786B-FA14-4470-8B90-62A0C197E54D}"
EndProject
Project("{FAE04EC0-301F-11D3-BF4B-00C04F79EFBC}") = "Conventions", "Modeling\Conventions\Conventions.csproj", "{73E054DC-BF55-4717-A729-7FA53382E0EA}"
EndProject
Project("{2150E333-8FDC-42A3-9474-1A3956D46DE8}") = "UWP", "UWP", "{2D7D0958-8722-40E5-9BCB-A96B096E7534}"
EndProject
Project("{FAE04EC0-301F-11D3-BF4B-00C04F79EFBC}") = "UWP.SQLite", "GetStarted\UWP\UWP.SQLite\UWP.SQLite.csproj", "{1B8324AB-133F-4610-9C8C-ABAF080F8818}"
EndProject
Project("{2150E333-8FDC-42A3-9474-1A3956D46DE8}") = "Logging", "Logging", "{851986F2-F49D-423A-8E60-1106EB6916F0}"
EndProject
Project("{2150E333-8FDC-42A3-9474-1A3956D46DE8}") = "Testing", "Testing", "{4E2B02EE-0C76-42D6-BA0A-337D7680A5D6}"
EndProject
Project("{FAE04EC0-301F-11D3-BF4B-00C04F79EFBC}") = "TestProject", "Miscellaneous\Testing\TestProject\TestProject.csproj", "{F4468750-9480-48E0-AA7A-DE84780AE1C2}"
EndProject
Project("{FAE04EC0-301F-11D3-BF4B-00C04F79EFBC}") = "BusinessLogic", "Miscellaneous\Testing\BusinessLogic\BusinessLogic.csproj", "{60B2C7AF-655F-4709-9E7F-7403E61F3A08}"
EndProject
Project("{FAE04EC0-301F-11D3-BF4B-00C04F79EFBC}") = "Logging", "Miscellaneous\Logging\Logging\Logging.csproj", "{D3A5391D-9351-44D6-8122-2821C6E4BD62}"
EndProject
Project("{FAE04EC0-301F-11D3-BF4B-00C04F79EFBC}") = "Logging.ConsoleApp", "Miscellaneous\Logging\Logging.ConsoleApp\Logging.ConsoleApp.csproj", "{804A9357-D201-468C-ABB4-9B77E1D91EA3}"
EndProject
Project("{2150E333-8FDC-42A3-9474-1A3956D46DE8}") = "NetCore", "NetCore", "{E1A10B1E-CD16-47BB-86C1-FE256F1AD0FB}"
EndProject
Project("{8BB2217D-0F2D-49D1-97BC-3654ED321F3B}") = "ConsoleApp.SQLite", "GetStarted\NetCore\ConsoleApp.SQLite\ConsoleApp.SQLite.xproj", "{D7ED15AD-50F5-4A11-B7A0-323DD77904C7}"
EndProject
Project("{2150E333-8FDC-42A3-9474-1A3956D46DE8}") = "FullNet", "FullNet", "{8C67ADF8-D850-4D2E-9A73-E381D31B8C14}"
EndProject
Project("{FAE04EC0-301F-11D3-BF4B-00C04F79EFBC}") = "ConsoleApp.NewDb", "GetStarted\FullNet\ConsoleApp.NewDb\ConsoleApp.NewDb.csproj", "{20019C8A-4100-47D0-88F3-AC2EBB38E27B}"
EndProject
Project("{FAE04EC0-301F-11D3-BF4B-00C04F79EFBC}") = "ConsoleApp.ExistingDb", "GetStarted\FullNet\ConsoleApp.ExistingDb\ConsoleApp.ExistingDb.csproj", "{2088F834-0305-4C03-89DD-3AB20D3FB753}"
EndProject
Project("{2150E333-8FDC-42A3-9474-1A3956D46DE8}") = "GetStarted", "GetStarted", "{9AE81D20-3DB5-4C4A-AFBB-3F6A460B0313}"
EndProject
Project("{2150E333-8FDC-42A3-9474-1A3956D46DE8}") = "Miscellanous", "Miscellanous", "{85AFD7F1-6943-40FE-B8EC-AA9DBB42CCA6}"
EndProject
Project("{2150E333-8FDC-42A3-9474-1A3956D46DE8}") = "Modeling", "Modeling", "{CA5046EC-C894-4535-8190-A31F75FDEB96}"
EndProject
Project("{2150E333-8FDC-42A3-9474-1A3956D46DE8}") = "Saving", "Saving", "{1C11ABFE-D497-4CF5-B2F9-BC6C539B108A}"
EndProject
Project("{2150E333-8FDC-42A3-9474-1A3956D46DE8}") = "Internals", "Internals", "{0060CE4E-6956-46EF-9506-212BEE5FF4AD}"
EndProject
Project("{2150E333-8FDC-42A3-9474-1A3956D46DE8}") = "Solution Items", "Solution Items", "{70096DE4-F6A8-4444-95A0-0DC01AC27A19}"
	ProjectSection(SolutionItems) = preProject
		global.json = global.json
	EndProjectSection
EndProject
Project("{2150E333-8FDC-42A3-9474-1A3956D46DE8}") = "WritingAProvider", "WritingAProvider", "{6B5377CA-EBB7-47E7-84D4-69438609D171}"
	ProjectSection(SolutionItems) = preProject
		Miscellaneous\Internals\WritingAProvider\NuGet.Config = Miscellaneous\Internals\WritingAProvider\NuGet.Config
		Miscellaneous\Internals\WritingAProvider\README.md = Miscellaneous\Internals\WritingAProvider\README.md
	EndProjectSection
EndProject
Project("{8BB2217D-0F2D-49D1-97BC-3654ED321F3B}") = "EntityFrameworkCore.ProviderStarter", "Miscellaneous\Internals\WritingAProvider\EntityFrameworkCore.ProviderStarter\EntityFrameworkCore.ProviderStarter.xproj", "{2DD8FB8A-DA71-418D-84D0-7007B24124AA}"
EndProject
Project("{8BB2217D-0F2D-49D1-97BC-3654ED321F3B}") = "EntityFrameworkCore.RelationalProviderStarter", "Miscellaneous\Internals\WritingAProvider\EntityFrameworkCore.RelationalProviderStarter\EntityFrameworkCore.RelationalProviderStarter.xproj", "{B2F7BFEB-B69D-46CD-8936-FA2FEBABC363}"
EndProject
Project("{2150E333-8FDC-42A3-9474-1A3956D46DE8}") = "Querying", "Querying", "{9883287D-A497-400C-ACB8-6F6138591DEC}"
EndProject
Project("{FAE04EC0-301F-11D3-BF4B-00C04F79EFBC}") = "Querying", "Querying\Querying\Querying.csproj", "{7DEB577A-52B8-4475-A109-689FD515AEEA}"
EndProject
Global
	GlobalSection(SolutionConfigurationPlatforms) = preSolution
		Debug|Any CPU = Debug|Any CPU
		Debug|ARM = Debug|ARM
		Debug|x64 = Debug|x64
		Debug|x86 = Debug|x86
		Release|Any CPU = Release|Any CPU
		Release|ARM = Release|ARM
		Release|x64 = Release|x64
		Release|x86 = Release|x86
	EndGlobalSection
	GlobalSection(ProjectConfigurationPlatforms) = postSolution
		{353F06F1-F0E0-4A8F-83AA-7115CD05832D}.Debug|Any CPU.ActiveCfg = Debug|Any CPU
		{353F06F1-F0E0-4A8F-83AA-7115CD05832D}.Debug|Any CPU.Build.0 = Debug|Any CPU
		{353F06F1-F0E0-4A8F-83AA-7115CD05832D}.Debug|ARM.ActiveCfg = Debug|Any CPU
		{353F06F1-F0E0-4A8F-83AA-7115CD05832D}.Debug|ARM.Build.0 = Debug|Any CPU
		{353F06F1-F0E0-4A8F-83AA-7115CD05832D}.Debug|x64.ActiveCfg = Debug|Any CPU
		{353F06F1-F0E0-4A8F-83AA-7115CD05832D}.Debug|x64.Build.0 = Debug|Any CPU
		{353F06F1-F0E0-4A8F-83AA-7115CD05832D}.Debug|x86.ActiveCfg = Debug|Any CPU
		{353F06F1-F0E0-4A8F-83AA-7115CD05832D}.Debug|x86.Build.0 = Debug|Any CPU
		{353F06F1-F0E0-4A8F-83AA-7115CD05832D}.Release|Any CPU.ActiveCfg = Release|Any CPU
		{353F06F1-F0E0-4A8F-83AA-7115CD05832D}.Release|Any CPU.Build.0 = Release|Any CPU
		{353F06F1-F0E0-4A8F-83AA-7115CD05832D}.Release|ARM.ActiveCfg = Release|Any CPU
		{353F06F1-F0E0-4A8F-83AA-7115CD05832D}.Release|ARM.Build.0 = Release|Any CPU
		{353F06F1-F0E0-4A8F-83AA-7115CD05832D}.Release|x64.ActiveCfg = Release|Any CPU
		{353F06F1-F0E0-4A8F-83AA-7115CD05832D}.Release|x64.Build.0 = Release|Any CPU
		{353F06F1-F0E0-4A8F-83AA-7115CD05832D}.Release|x86.ActiveCfg = Release|Any CPU
		{353F06F1-F0E0-4A8F-83AA-7115CD05832D}.Release|x86.Build.0 = Release|Any CPU
		{A5767B3A-38B7-411D-A374-6C31AEFBB3FC}.Debug|Any CPU.ActiveCfg = Debug|Any CPU
		{A5767B3A-38B7-411D-A374-6C31AEFBB3FC}.Debug|Any CPU.Build.0 = Debug|Any CPU
		{A5767B3A-38B7-411D-A374-6C31AEFBB3FC}.Debug|ARM.ActiveCfg = Debug|Any CPU
		{A5767B3A-38B7-411D-A374-6C31AEFBB3FC}.Debug|ARM.Build.0 = Debug|Any CPU
		{A5767B3A-38B7-411D-A374-6C31AEFBB3FC}.Debug|x64.ActiveCfg = Debug|Any CPU
		{A5767B3A-38B7-411D-A374-6C31AEFBB3FC}.Debug|x64.Build.0 = Debug|Any CPU
		{A5767B3A-38B7-411D-A374-6C31AEFBB3FC}.Debug|x86.ActiveCfg = Debug|Any CPU
		{A5767B3A-38B7-411D-A374-6C31AEFBB3FC}.Debug|x86.Build.0 = Debug|Any CPU
		{A5767B3A-38B7-411D-A374-6C31AEFBB3FC}.Release|Any CPU.ActiveCfg = Release|Any CPU
		{A5767B3A-38B7-411D-A374-6C31AEFBB3FC}.Release|Any CPU.Build.0 = Release|Any CPU
		{A5767B3A-38B7-411D-A374-6C31AEFBB3FC}.Release|ARM.ActiveCfg = Release|Any CPU
		{A5767B3A-38B7-411D-A374-6C31AEFBB3FC}.Release|ARM.Build.0 = Release|Any CPU
		{A5767B3A-38B7-411D-A374-6C31AEFBB3FC}.Release|x64.ActiveCfg = Release|Any CPU
		{A5767B3A-38B7-411D-A374-6C31AEFBB3FC}.Release|x64.Build.0 = Release|Any CPU
		{A5767B3A-38B7-411D-A374-6C31AEFBB3FC}.Release|x86.ActiveCfg = Release|Any CPU
		{A5767B3A-38B7-411D-A374-6C31AEFBB3FC}.Release|x86.Build.0 = Release|Any CPU
		{31E86A37-5EB3-45ED-9F81-C4AAD52765F7}.Debug|Any CPU.ActiveCfg = Debug|Any CPU
		{31E86A37-5EB3-45ED-9F81-C4AAD52765F7}.Debug|Any CPU.Build.0 = Debug|Any CPU
		{31E86A37-5EB3-45ED-9F81-C4AAD52765F7}.Debug|ARM.ActiveCfg = Debug|Any CPU
		{31E86A37-5EB3-45ED-9F81-C4AAD52765F7}.Debug|ARM.Build.0 = Debug|Any CPU
		{31E86A37-5EB3-45ED-9F81-C4AAD52765F7}.Debug|x64.ActiveCfg = Debug|Any CPU
		{31E86A37-5EB3-45ED-9F81-C4AAD52765F7}.Debug|x64.Build.0 = Debug|Any CPU
		{31E86A37-5EB3-45ED-9F81-C4AAD52765F7}.Debug|x86.ActiveCfg = Debug|Any CPU
		{31E86A37-5EB3-45ED-9F81-C4AAD52765F7}.Debug|x86.Build.0 = Debug|Any CPU
		{31E86A37-5EB3-45ED-9F81-C4AAD52765F7}.Release|Any CPU.ActiveCfg = Release|Any CPU
		{31E86A37-5EB3-45ED-9F81-C4AAD52765F7}.Release|Any CPU.Build.0 = Release|Any CPU
		{31E86A37-5EB3-45ED-9F81-C4AAD52765F7}.Release|ARM.ActiveCfg = Release|Any CPU
		{31E86A37-5EB3-45ED-9F81-C4AAD52765F7}.Release|ARM.Build.0 = Release|Any CPU
		{31E86A37-5EB3-45ED-9F81-C4AAD52765F7}.Release|x64.ActiveCfg = Release|Any CPU
		{31E86A37-5EB3-45ED-9F81-C4AAD52765F7}.Release|x64.Build.0 = Release|Any CPU
		{31E86A37-5EB3-45ED-9F81-C4AAD52765F7}.Release|x86.ActiveCfg = Release|Any CPU
		{31E86A37-5EB3-45ED-9F81-C4AAD52765F7}.Release|x86.Build.0 = Release|Any CPU
		{F583DA77-954C-4C4E-9F46-846CB39208DE}.Debug|Any CPU.ActiveCfg = Debug|Any CPU
		{F583DA77-954C-4C4E-9F46-846CB39208DE}.Debug|Any CPU.Build.0 = Debug|Any CPU
		{F583DA77-954C-4C4E-9F46-846CB39208DE}.Debug|ARM.ActiveCfg = Debug|Any CPU
		{F583DA77-954C-4C4E-9F46-846CB39208DE}.Debug|ARM.Build.0 = Debug|Any CPU
		{F583DA77-954C-4C4E-9F46-846CB39208DE}.Debug|x64.ActiveCfg = Debug|Any CPU
		{F583DA77-954C-4C4E-9F46-846CB39208DE}.Debug|x64.Build.0 = Debug|Any CPU
		{F583DA77-954C-4C4E-9F46-846CB39208DE}.Debug|x86.ActiveCfg = Debug|Any CPU
		{F583DA77-954C-4C4E-9F46-846CB39208DE}.Debug|x86.Build.0 = Debug|Any CPU
		{F583DA77-954C-4C4E-9F46-846CB39208DE}.Release|Any CPU.ActiveCfg = Release|Any CPU
		{F583DA77-954C-4C4E-9F46-846CB39208DE}.Release|Any CPU.Build.0 = Release|Any CPU
		{F583DA77-954C-4C4E-9F46-846CB39208DE}.Release|ARM.ActiveCfg = Release|Any CPU
		{F583DA77-954C-4C4E-9F46-846CB39208DE}.Release|ARM.Build.0 = Release|Any CPU
		{F583DA77-954C-4C4E-9F46-846CB39208DE}.Release|x64.ActiveCfg = Release|Any CPU
		{F583DA77-954C-4C4E-9F46-846CB39208DE}.Release|x64.Build.0 = Release|Any CPU
		{F583DA77-954C-4C4E-9F46-846CB39208DE}.Release|x86.ActiveCfg = Release|Any CPU
		{F583DA77-954C-4C4E-9F46-846CB39208DE}.Release|x86.Build.0 = Release|Any CPU
		{20E1786B-FA14-4470-8B90-62A0C197E54D}.Debug|Any CPU.ActiveCfg = Debug|Any CPU
		{20E1786B-FA14-4470-8B90-62A0C197E54D}.Debug|Any CPU.Build.0 = Debug|Any CPU
		{20E1786B-FA14-4470-8B90-62A0C197E54D}.Debug|ARM.ActiveCfg = Debug|Any CPU
		{20E1786B-FA14-4470-8B90-62A0C197E54D}.Debug|ARM.Build.0 = Debug|Any CPU
		{20E1786B-FA14-4470-8B90-62A0C197E54D}.Debug|x64.ActiveCfg = Debug|Any CPU
		{20E1786B-FA14-4470-8B90-62A0C197E54D}.Debug|x64.Build.0 = Debug|Any CPU
		{20E1786B-FA14-4470-8B90-62A0C197E54D}.Debug|x86.ActiveCfg = Debug|Any CPU
		{20E1786B-FA14-4470-8B90-62A0C197E54D}.Debug|x86.Build.0 = Debug|Any CPU
		{20E1786B-FA14-4470-8B90-62A0C197E54D}.Release|Any CPU.ActiveCfg = Release|Any CPU
		{20E1786B-FA14-4470-8B90-62A0C197E54D}.Release|Any CPU.Build.0 = Release|Any CPU
		{20E1786B-FA14-4470-8B90-62A0C197E54D}.Release|ARM.ActiveCfg = Release|Any CPU
		{20E1786B-FA14-4470-8B90-62A0C197E54D}.Release|ARM.Build.0 = Release|Any CPU
		{20E1786B-FA14-4470-8B90-62A0C197E54D}.Release|x64.ActiveCfg = Release|Any CPU
		{20E1786B-FA14-4470-8B90-62A0C197E54D}.Release|x64.Build.0 = Release|Any CPU
		{20E1786B-FA14-4470-8B90-62A0C197E54D}.Release|x86.ActiveCfg = Release|Any CPU
		{20E1786B-FA14-4470-8B90-62A0C197E54D}.Release|x86.Build.0 = Release|Any CPU
		{73E054DC-BF55-4717-A729-7FA53382E0EA}.Debug|Any CPU.ActiveCfg = Debug|Any CPU
		{73E054DC-BF55-4717-A729-7FA53382E0EA}.Debug|Any CPU.Build.0 = Debug|Any CPU
		{73E054DC-BF55-4717-A729-7FA53382E0EA}.Debug|ARM.ActiveCfg = Debug|Any CPU
		{73E054DC-BF55-4717-A729-7FA53382E0EA}.Debug|ARM.Build.0 = Debug|Any CPU
		{73E054DC-BF55-4717-A729-7FA53382E0EA}.Debug|x64.ActiveCfg = Debug|Any CPU
		{73E054DC-BF55-4717-A729-7FA53382E0EA}.Debug|x64.Build.0 = Debug|Any CPU
		{73E054DC-BF55-4717-A729-7FA53382E0EA}.Debug|x86.ActiveCfg = Debug|Any CPU
		{73E054DC-BF55-4717-A729-7FA53382E0EA}.Debug|x86.Build.0 = Debug|Any CPU
		{73E054DC-BF55-4717-A729-7FA53382E0EA}.Release|Any CPU.ActiveCfg = Release|Any CPU
		{73E054DC-BF55-4717-A729-7FA53382E0EA}.Release|Any CPU.Build.0 = Release|Any CPU
		{73E054DC-BF55-4717-A729-7FA53382E0EA}.Release|ARM.ActiveCfg = Release|Any CPU
		{73E054DC-BF55-4717-A729-7FA53382E0EA}.Release|ARM.Build.0 = Release|Any CPU
		{73E054DC-BF55-4717-A729-7FA53382E0EA}.Release|x64.ActiveCfg = Release|Any CPU
		{73E054DC-BF55-4717-A729-7FA53382E0EA}.Release|x64.Build.0 = Release|Any CPU
		{73E054DC-BF55-4717-A729-7FA53382E0EA}.Release|x86.ActiveCfg = Release|Any CPU
		{73E054DC-BF55-4717-A729-7FA53382E0EA}.Release|x86.Build.0 = Release|Any CPU
		{1B8324AB-133F-4610-9C8C-ABAF080F8818}.Debug|Any CPU.ActiveCfg = Debug|x86
		{1B8324AB-133F-4610-9C8C-ABAF080F8818}.Debug|ARM.ActiveCfg = Debug|ARM
		{1B8324AB-133F-4610-9C8C-ABAF080F8818}.Debug|ARM.Build.0 = Debug|ARM
		{1B8324AB-133F-4610-9C8C-ABAF080F8818}.Debug|ARM.Deploy.0 = Debug|ARM
		{1B8324AB-133F-4610-9C8C-ABAF080F8818}.Debug|x64.ActiveCfg = Debug|x64
		{1B8324AB-133F-4610-9C8C-ABAF080F8818}.Debug|x64.Build.0 = Debug|x64
		{1B8324AB-133F-4610-9C8C-ABAF080F8818}.Debug|x64.Deploy.0 = Debug|x64
		{1B8324AB-133F-4610-9C8C-ABAF080F8818}.Debug|x86.ActiveCfg = Debug|x86
		{1B8324AB-133F-4610-9C8C-ABAF080F8818}.Debug|x86.Build.0 = Debug|x86
		{1B8324AB-133F-4610-9C8C-ABAF080F8818}.Debug|x86.Deploy.0 = Debug|x86
		{1B8324AB-133F-4610-9C8C-ABAF080F8818}.Release|Any CPU.ActiveCfg = Release|x86
		{1B8324AB-133F-4610-9C8C-ABAF080F8818}.Release|ARM.ActiveCfg = Release|ARM
		{1B8324AB-133F-4610-9C8C-ABAF080F8818}.Release|ARM.Build.0 = Release|ARM
		{1B8324AB-133F-4610-9C8C-ABAF080F8818}.Release|ARM.Deploy.0 = Release|ARM
		{1B8324AB-133F-4610-9C8C-ABAF080F8818}.Release|x64.ActiveCfg = Release|x64
		{1B8324AB-133F-4610-9C8C-ABAF080F8818}.Release|x64.Build.0 = Release|x64
		{1B8324AB-133F-4610-9C8C-ABAF080F8818}.Release|x64.Deploy.0 = Release|x64
		{1B8324AB-133F-4610-9C8C-ABAF080F8818}.Release|x86.ActiveCfg = Release|x86
		{1B8324AB-133F-4610-9C8C-ABAF080F8818}.Release|x86.Build.0 = Release|x86
		{1B8324AB-133F-4610-9C8C-ABAF080F8818}.Release|x86.Deploy.0 = Release|x86
		{F4468750-9480-48E0-AA7A-DE84780AE1C2}.Debug|Any CPU.ActiveCfg = Debug|Any CPU
		{F4468750-9480-48E0-AA7A-DE84780AE1C2}.Debug|Any CPU.Build.0 = Debug|Any CPU
		{F4468750-9480-48E0-AA7A-DE84780AE1C2}.Debug|ARM.ActiveCfg = Debug|Any CPU
		{F4468750-9480-48E0-AA7A-DE84780AE1C2}.Debug|ARM.Build.0 = Debug|Any CPU
		{F4468750-9480-48E0-AA7A-DE84780AE1C2}.Debug|x64.ActiveCfg = Debug|Any CPU
		{F4468750-9480-48E0-AA7A-DE84780AE1C2}.Debug|x64.Build.0 = Debug|Any CPU
		{F4468750-9480-48E0-AA7A-DE84780AE1C2}.Debug|x86.ActiveCfg = Debug|Any CPU
		{F4468750-9480-48E0-AA7A-DE84780AE1C2}.Debug|x86.Build.0 = Debug|Any CPU
		{F4468750-9480-48E0-AA7A-DE84780AE1C2}.Release|Any CPU.ActiveCfg = Release|Any CPU
		{F4468750-9480-48E0-AA7A-DE84780AE1C2}.Release|Any CPU.Build.0 = Release|Any CPU
		{F4468750-9480-48E0-AA7A-DE84780AE1C2}.Release|ARM.ActiveCfg = Release|Any CPU
		{F4468750-9480-48E0-AA7A-DE84780AE1C2}.Release|ARM.Build.0 = Release|Any CPU
		{F4468750-9480-48E0-AA7A-DE84780AE1C2}.Release|x64.ActiveCfg = Release|Any CPU
		{F4468750-9480-48E0-AA7A-DE84780AE1C2}.Release|x64.Build.0 = Release|Any CPU
		{F4468750-9480-48E0-AA7A-DE84780AE1C2}.Release|x86.ActiveCfg = Release|Any CPU
		{F4468750-9480-48E0-AA7A-DE84780AE1C2}.Release|x86.Build.0 = Release|Any CPU
		{60B2C7AF-655F-4709-9E7F-7403E61F3A08}.Debug|Any CPU.ActiveCfg = Debug|Any CPU
		{60B2C7AF-655F-4709-9E7F-7403E61F3A08}.Debug|Any CPU.Build.0 = Debug|Any CPU
		{60B2C7AF-655F-4709-9E7F-7403E61F3A08}.Debug|ARM.ActiveCfg = Debug|Any CPU
		{60B2C7AF-655F-4709-9E7F-7403E61F3A08}.Debug|ARM.Build.0 = Debug|Any CPU
		{60B2C7AF-655F-4709-9E7F-7403E61F3A08}.Debug|x64.ActiveCfg = Debug|Any CPU
		{60B2C7AF-655F-4709-9E7F-7403E61F3A08}.Debug|x64.Build.0 = Debug|Any CPU
		{60B2C7AF-655F-4709-9E7F-7403E61F3A08}.Debug|x86.ActiveCfg = Debug|Any CPU
		{60B2C7AF-655F-4709-9E7F-7403E61F3A08}.Debug|x86.Build.0 = Debug|Any CPU
		{60B2C7AF-655F-4709-9E7F-7403E61F3A08}.Release|Any CPU.ActiveCfg = Release|Any CPU
		{60B2C7AF-655F-4709-9E7F-7403E61F3A08}.Release|Any CPU.Build.0 = Release|Any CPU
		{60B2C7AF-655F-4709-9E7F-7403E61F3A08}.Release|ARM.ActiveCfg = Release|Any CPU
		{60B2C7AF-655F-4709-9E7F-7403E61F3A08}.Release|ARM.Build.0 = Release|Any CPU
		{60B2C7AF-655F-4709-9E7F-7403E61F3A08}.Release|x64.ActiveCfg = Release|Any CPU
		{60B2C7AF-655F-4709-9E7F-7403E61F3A08}.Release|x64.Build.0 = Release|Any CPU
		{60B2C7AF-655F-4709-9E7F-7403E61F3A08}.Release|x86.ActiveCfg = Release|Any CPU
		{60B2C7AF-655F-4709-9E7F-7403E61F3A08}.Release|x86.Build.0 = Release|Any CPU
		{D3A5391D-9351-44D6-8122-2821C6E4BD62}.Debug|Any CPU.ActiveCfg = Debug|Any CPU
		{D3A5391D-9351-44D6-8122-2821C6E4BD62}.Debug|Any CPU.Build.0 = Debug|Any CPU
		{D3A5391D-9351-44D6-8122-2821C6E4BD62}.Debug|ARM.ActiveCfg = Debug|Any CPU
		{D3A5391D-9351-44D6-8122-2821C6E4BD62}.Debug|ARM.Build.0 = Debug|Any CPU
		{D3A5391D-9351-44D6-8122-2821C6E4BD62}.Debug|x64.ActiveCfg = Debug|Any CPU
		{D3A5391D-9351-44D6-8122-2821C6E4BD62}.Debug|x64.Build.0 = Debug|Any CPU
		{D3A5391D-9351-44D6-8122-2821C6E4BD62}.Debug|x86.ActiveCfg = Debug|Any CPU
		{D3A5391D-9351-44D6-8122-2821C6E4BD62}.Debug|x86.Build.0 = Debug|Any CPU
		{D3A5391D-9351-44D6-8122-2821C6E4BD62}.Release|Any CPU.ActiveCfg = Release|Any CPU
		{D3A5391D-9351-44D6-8122-2821C6E4BD62}.Release|Any CPU.Build.0 = Release|Any CPU
		{D3A5391D-9351-44D6-8122-2821C6E4BD62}.Release|ARM.ActiveCfg = Release|Any CPU
		{D3A5391D-9351-44D6-8122-2821C6E4BD62}.Release|ARM.Build.0 = Release|Any CPU
		{D3A5391D-9351-44D6-8122-2821C6E4BD62}.Release|x64.ActiveCfg = Release|Any CPU
		{D3A5391D-9351-44D6-8122-2821C6E4BD62}.Release|x64.Build.0 = Release|Any CPU
		{D3A5391D-9351-44D6-8122-2821C6E4BD62}.Release|x86.ActiveCfg = Release|Any CPU
		{D3A5391D-9351-44D6-8122-2821C6E4BD62}.Release|x86.Build.0 = Release|Any CPU
		{804A9357-D201-468C-ABB4-9B77E1D91EA3}.Debug|Any CPU.ActiveCfg = Debug|Any CPU
		{804A9357-D201-468C-ABB4-9B77E1D91EA3}.Debug|Any CPU.Build.0 = Debug|Any CPU
		{804A9357-D201-468C-ABB4-9B77E1D91EA3}.Debug|ARM.ActiveCfg = Debug|Any CPU
		{804A9357-D201-468C-ABB4-9B77E1D91EA3}.Debug|ARM.Build.0 = Debug|Any CPU
		{804A9357-D201-468C-ABB4-9B77E1D91EA3}.Debug|x64.ActiveCfg = Debug|Any CPU
		{804A9357-D201-468C-ABB4-9B77E1D91EA3}.Debug|x64.Build.0 = Debug|Any CPU
		{804A9357-D201-468C-ABB4-9B77E1D91EA3}.Debug|x86.ActiveCfg = Debug|Any CPU
		{804A9357-D201-468C-ABB4-9B77E1D91EA3}.Debug|x86.Build.0 = Debug|Any CPU
		{804A9357-D201-468C-ABB4-9B77E1D91EA3}.Release|Any CPU.ActiveCfg = Release|Any CPU
		{804A9357-D201-468C-ABB4-9B77E1D91EA3}.Release|Any CPU.Build.0 = Release|Any CPU
		{804A9357-D201-468C-ABB4-9B77E1D91EA3}.Release|ARM.ActiveCfg = Release|Any CPU
		{804A9357-D201-468C-ABB4-9B77E1D91EA3}.Release|ARM.Build.0 = Release|Any CPU
		{804A9357-D201-468C-ABB4-9B77E1D91EA3}.Release|x64.ActiveCfg = Release|Any CPU
		{804A9357-D201-468C-ABB4-9B77E1D91EA3}.Release|x64.Build.0 = Release|Any CPU
		{804A9357-D201-468C-ABB4-9B77E1D91EA3}.Release|x86.ActiveCfg = Release|Any CPU
		{804A9357-D201-468C-ABB4-9B77E1D91EA3}.Release|x86.Build.0 = Release|Any CPU
		{D7ED15AD-50F5-4A11-B7A0-323DD77904C7}.Debug|Any CPU.ActiveCfg = Debug|Any CPU
		{D7ED15AD-50F5-4A11-B7A0-323DD77904C7}.Debug|Any CPU.Build.0 = Debug|Any CPU
		{D7ED15AD-50F5-4A11-B7A0-323DD77904C7}.Debug|ARM.ActiveCfg = Debug|Any CPU
		{D7ED15AD-50F5-4A11-B7A0-323DD77904C7}.Debug|ARM.Build.0 = Debug|Any CPU
		{D7ED15AD-50F5-4A11-B7A0-323DD77904C7}.Debug|x64.ActiveCfg = Debug|Any CPU
		{D7ED15AD-50F5-4A11-B7A0-323DD77904C7}.Debug|x64.Build.0 = Debug|Any CPU
		{D7ED15AD-50F5-4A11-B7A0-323DD77904C7}.Debug|x86.ActiveCfg = Debug|Any CPU
		{D7ED15AD-50F5-4A11-B7A0-323DD77904C7}.Debug|x86.Build.0 = Debug|Any CPU
		{D7ED15AD-50F5-4A11-B7A0-323DD77904C7}.Release|Any CPU.ActiveCfg = Release|Any CPU
		{D7ED15AD-50F5-4A11-B7A0-323DD77904C7}.Release|Any CPU.Build.0 = Release|Any CPU
		{D7ED15AD-50F5-4A11-B7A0-323DD77904C7}.Release|ARM.ActiveCfg = Release|Any CPU
		{D7ED15AD-50F5-4A11-B7A0-323DD77904C7}.Release|ARM.Build.0 = Release|Any CPU
		{D7ED15AD-50F5-4A11-B7A0-323DD77904C7}.Release|x64.ActiveCfg = Release|Any CPU
		{D7ED15AD-50F5-4A11-B7A0-323DD77904C7}.Release|x64.Build.0 = Release|Any CPU
		{D7ED15AD-50F5-4A11-B7A0-323DD77904C7}.Release|x86.ActiveCfg = Release|Any CPU
		{D7ED15AD-50F5-4A11-B7A0-323DD77904C7}.Release|x86.Build.0 = Release|Any CPU
		{20019C8A-4100-47D0-88F3-AC2EBB38E27B}.Debug|Any CPU.ActiveCfg = Debug|Any CPU
		{20019C8A-4100-47D0-88F3-AC2EBB38E27B}.Debug|Any CPU.Build.0 = Debug|Any CPU
		{20019C8A-4100-47D0-88F3-AC2EBB38E27B}.Debug|ARM.ActiveCfg = Debug|Any CPU
		{20019C8A-4100-47D0-88F3-AC2EBB38E27B}.Debug|ARM.Build.0 = Debug|Any CPU
		{20019C8A-4100-47D0-88F3-AC2EBB38E27B}.Debug|x64.ActiveCfg = Debug|Any CPU
		{20019C8A-4100-47D0-88F3-AC2EBB38E27B}.Debug|x64.Build.0 = Debug|Any CPU
		{20019C8A-4100-47D0-88F3-AC2EBB38E27B}.Debug|x86.ActiveCfg = Debug|Any CPU
		{20019C8A-4100-47D0-88F3-AC2EBB38E27B}.Debug|x86.Build.0 = Debug|Any CPU
		{20019C8A-4100-47D0-88F3-AC2EBB38E27B}.Release|Any CPU.ActiveCfg = Release|Any CPU
		{20019C8A-4100-47D0-88F3-AC2EBB38E27B}.Release|Any CPU.Build.0 = Release|Any CPU
		{20019C8A-4100-47D0-88F3-AC2EBB38E27B}.Release|ARM.ActiveCfg = Release|Any CPU
		{20019C8A-4100-47D0-88F3-AC2EBB38E27B}.Release|ARM.Build.0 = Release|Any CPU
		{20019C8A-4100-47D0-88F3-AC2EBB38E27B}.Release|x64.ActiveCfg = Release|Any CPU
		{20019C8A-4100-47D0-88F3-AC2EBB38E27B}.Release|x64.Build.0 = Release|Any CPU
		{20019C8A-4100-47D0-88F3-AC2EBB38E27B}.Release|x86.ActiveCfg = Release|Any CPU
		{20019C8A-4100-47D0-88F3-AC2EBB38E27B}.Release|x86.Build.0 = Release|Any CPU
		{2088F834-0305-4C03-89DD-3AB20D3FB753}.Debug|Any CPU.ActiveCfg = Debug|Any CPU
		{2088F834-0305-4C03-89DD-3AB20D3FB753}.Debug|Any CPU.Build.0 = Debug|Any CPU
		{2088F834-0305-4C03-89DD-3AB20D3FB753}.Debug|ARM.ActiveCfg = Debug|Any CPU
		{2088F834-0305-4C03-89DD-3AB20D3FB753}.Debug|ARM.Build.0 = Debug|Any CPU
		{2088F834-0305-4C03-89DD-3AB20D3FB753}.Debug|x64.ActiveCfg = Debug|Any CPU
		{2088F834-0305-4C03-89DD-3AB20D3FB753}.Debug|x64.Build.0 = Debug|Any CPU
		{2088F834-0305-4C03-89DD-3AB20D3FB753}.Debug|x86.ActiveCfg = Debug|Any CPU
		{2088F834-0305-4C03-89DD-3AB20D3FB753}.Debug|x86.Build.0 = Debug|Any CPU
		{2088F834-0305-4C03-89DD-3AB20D3FB753}.Release|Any CPU.ActiveCfg = Release|Any CPU
		{2088F834-0305-4C03-89DD-3AB20D3FB753}.Release|Any CPU.Build.0 = Release|Any CPU
		{2088F834-0305-4C03-89DD-3AB20D3FB753}.Release|ARM.ActiveCfg = Release|Any CPU
		{2088F834-0305-4C03-89DD-3AB20D3FB753}.Release|ARM.Build.0 = Release|Any CPU
		{2088F834-0305-4C03-89DD-3AB20D3FB753}.Release|x64.ActiveCfg = Release|Any CPU
		{2088F834-0305-4C03-89DD-3AB20D3FB753}.Release|x64.Build.0 = Release|Any CPU
		{2088F834-0305-4C03-89DD-3AB20D3FB753}.Release|x86.ActiveCfg = Release|Any CPU
		{2088F834-0305-4C03-89DD-3AB20D3FB753}.Release|x86.Build.0 = Release|Any CPU
		{2DD8FB8A-DA71-418D-84D0-7007B24124AA}.Debug|Any CPU.ActiveCfg = Debug|Any CPU
		{2DD8FB8A-DA71-418D-84D0-7007B24124AA}.Debug|Any CPU.Build.0 = Debug|Any CPU
		{2DD8FB8A-DA71-418D-84D0-7007B24124AA}.Debug|ARM.ActiveCfg = Debug|Any CPU
		{2DD8FB8A-DA71-418D-84D0-7007B24124AA}.Debug|ARM.Build.0 = Debug|Any CPU
		{2DD8FB8A-DA71-418D-84D0-7007B24124AA}.Debug|x64.ActiveCfg = Debug|Any CPU
		{2DD8FB8A-DA71-418D-84D0-7007B24124AA}.Debug|x64.Build.0 = Debug|Any CPU
		{2DD8FB8A-DA71-418D-84D0-7007B24124AA}.Debug|x86.ActiveCfg = Debug|Any CPU
		{2DD8FB8A-DA71-418D-84D0-7007B24124AA}.Debug|x86.Build.0 = Debug|Any CPU
		{2DD8FB8A-DA71-418D-84D0-7007B24124AA}.Release|Any CPU.ActiveCfg = Release|Any CPU
		{2DD8FB8A-DA71-418D-84D0-7007B24124AA}.Release|Any CPU.Build.0 = Release|Any CPU
		{2DD8FB8A-DA71-418D-84D0-7007B24124AA}.Release|ARM.ActiveCfg = Release|Any CPU
		{2DD8FB8A-DA71-418D-84D0-7007B24124AA}.Release|ARM.Build.0 = Release|Any CPU
		{2DD8FB8A-DA71-418D-84D0-7007B24124AA}.Release|x64.ActiveCfg = Release|Any CPU
		{2DD8FB8A-DA71-418D-84D0-7007B24124AA}.Release|x64.Build.0 = Release|Any CPU
		{2DD8FB8A-DA71-418D-84D0-7007B24124AA}.Release|x86.ActiveCfg = Release|Any CPU
		{2DD8FB8A-DA71-418D-84D0-7007B24124AA}.Release|x86.Build.0 = Release|Any CPU
		{B2F7BFEB-B69D-46CD-8936-FA2FEBABC363}.Debug|Any CPU.ActiveCfg = Debug|Any CPU
		{B2F7BFEB-B69D-46CD-8936-FA2FEBABC363}.Debug|Any CPU.Build.0 = Debug|Any CPU
		{B2F7BFEB-B69D-46CD-8936-FA2FEBABC363}.Debug|ARM.ActiveCfg = Debug|Any CPU
		{B2F7BFEB-B69D-46CD-8936-FA2FEBABC363}.Debug|ARM.Build.0 = Debug|Any CPU
		{B2F7BFEB-B69D-46CD-8936-FA2FEBABC363}.Debug|x64.ActiveCfg = Debug|Any CPU
		{B2F7BFEB-B69D-46CD-8936-FA2FEBABC363}.Debug|x64.Build.0 = Debug|Any CPU
		{B2F7BFEB-B69D-46CD-8936-FA2FEBABC363}.Debug|x86.ActiveCfg = Debug|Any CPU
		{B2F7BFEB-B69D-46CD-8936-FA2FEBABC363}.Debug|x86.Build.0 = Debug|Any CPU
		{B2F7BFEB-B69D-46CD-8936-FA2FEBABC363}.Release|Any CPU.ActiveCfg = Release|Any CPU
		{B2F7BFEB-B69D-46CD-8936-FA2FEBABC363}.Release|Any CPU.Build.0 = Release|Any CPU
		{B2F7BFEB-B69D-46CD-8936-FA2FEBABC363}.Release|ARM.ActiveCfg = Release|Any CPU
		{B2F7BFEB-B69D-46CD-8936-FA2FEBABC363}.Release|ARM.Build.0 = Release|Any CPU
		{B2F7BFEB-B69D-46CD-8936-FA2FEBABC363}.Release|x64.ActiveCfg = Release|Any CPU
		{B2F7BFEB-B69D-46CD-8936-FA2FEBABC363}.Release|x64.Build.0 = Release|Any CPU
		{B2F7BFEB-B69D-46CD-8936-FA2FEBABC363}.Release|x86.ActiveCfg = Release|Any CPU
		{B2F7BFEB-B69D-46CD-8936-FA2FEBABC363}.Release|x86.Build.0 = Release|Any CPU
		{7DEB577A-52B8-4475-A109-689FD515AEEA}.Debug|Any CPU.ActiveCfg = Debug|Any CPU
		{7DEB577A-52B8-4475-A109-689FD515AEEA}.Debug|Any CPU.Build.0 = Debug|Any CPU
		{7DEB577A-52B8-4475-A109-689FD515AEEA}.Debug|ARM.ActiveCfg = Debug|Any CPU
		{7DEB577A-52B8-4475-A109-689FD515AEEA}.Debug|ARM.Build.0 = Debug|Any CPU
		{7DEB577A-52B8-4475-A109-689FD515AEEA}.Debug|x64.ActiveCfg = Debug|Any CPU
		{7DEB577A-52B8-4475-A109-689FD515AEEA}.Debug|x64.Build.0 = Debug|Any CPU
		{7DEB577A-52B8-4475-A109-689FD515AEEA}.Debug|x86.ActiveCfg = Debug|Any CPU
		{7DEB577A-52B8-4475-A109-689FD515AEEA}.Debug|x86.Build.0 = Debug|Any CPU
		{7DEB577A-52B8-4475-A109-689FD515AEEA}.Release|Any CPU.ActiveCfg = Release|Any CPU
		{7DEB577A-52B8-4475-A109-689FD515AEEA}.Release|Any CPU.Build.0 = Release|Any CPU
		{7DEB577A-52B8-4475-A109-689FD515AEEA}.Release|ARM.ActiveCfg = Release|Any CPU
		{7DEB577A-52B8-4475-A109-689FD515AEEA}.Release|ARM.Build.0 = Release|Any CPU
		{7DEB577A-52B8-4475-A109-689FD515AEEA}.Release|x64.ActiveCfg = Release|Any CPU
		{7DEB577A-52B8-4475-A109-689FD515AEEA}.Release|x64.Build.0 = Release|Any CPU
		{7DEB577A-52B8-4475-A109-689FD515AEEA}.Release|x86.ActiveCfg = Release|Any CPU
		{7DEB577A-52B8-4475-A109-689FD515AEEA}.Release|x86.Build.0 = Release|Any CPU
	EndGlobalSection
	GlobalSection(SolutionProperties) = preSolution
		HideSolutionNode = FALSE
	EndGlobalSection
	GlobalSection(NestedProjects) = preSolution
		{353F06F1-F0E0-4A8F-83AA-7115CD05832D} = {1C11ABFE-D497-4CF5-B2F9-BC6C539B108A}
		{A732D593-D211-4AB5-AB08-3774E41EB3E5} = {9AE81D20-3DB5-4C4A-AFBB-3F6A460B0313}
		{A5767B3A-38B7-411D-A374-6C31AEFBB3FC} = {A732D593-D211-4AB5-AB08-3774E41EB3E5}
		{31E86A37-5EB3-45ED-9F81-C4AAD52765F7} = {A732D593-D211-4AB5-AB08-3774E41EB3E5}
		{F583DA77-954C-4C4E-9F46-846CB39208DE} = {CA5046EC-C894-4535-8190-A31F75FDEB96}
		{20E1786B-FA14-4470-8B90-62A0C197E54D} = {CA5046EC-C894-4535-8190-A31F75FDEB96}
		{73E054DC-BF55-4717-A729-7FA53382E0EA} = {CA5046EC-C894-4535-8190-A31F75FDEB96}
		{2D7D0958-8722-40E5-9BCB-A96B096E7534} = {9AE81D20-3DB5-4C4A-AFBB-3F6A460B0313}
		{1B8324AB-133F-4610-9C8C-ABAF080F8818} = {2D7D0958-8722-40E5-9BCB-A96B096E7534}
		{851986F2-F49D-423A-8E60-1106EB6916F0} = {85AFD7F1-6943-40FE-B8EC-AA9DBB42CCA6}
		{4E2B02EE-0C76-42D6-BA0A-337D7680A5D6} = {85AFD7F1-6943-40FE-B8EC-AA9DBB42CCA6}
		{F4468750-9480-48E0-AA7A-DE84780AE1C2} = {4E2B02EE-0C76-42D6-BA0A-337D7680A5D6}
		{60B2C7AF-655F-4709-9E7F-7403E61F3A08} = {4E2B02EE-0C76-42D6-BA0A-337D7680A5D6}
		{D3A5391D-9351-44D6-8122-2821C6E4BD62} = {851986F2-F49D-423A-8E60-1106EB6916F0}
		{804A9357-D201-468C-ABB4-9B77E1D91EA3} = {851986F2-F49D-423A-8E60-1106EB6916F0}
		{E1A10B1E-CD16-47BB-86C1-FE256F1AD0FB} = {9AE81D20-3DB5-4C4A-AFBB-3F6A460B0313}
		{D7ED15AD-50F5-4A11-B7A0-323DD77904C7} = {E1A10B1E-CD16-47BB-86C1-FE256F1AD0FB}
		{8C67ADF8-D850-4D2E-9A73-E381D31B8C14} = {9AE81D20-3DB5-4C4A-AFBB-3F6A460B0313}
		{20019C8A-4100-47D0-88F3-AC2EBB38E27B} = {8C67ADF8-D850-4D2E-9A73-E381D31B8C14}
		{2088F834-0305-4C03-89DD-3AB20D3FB753} = {8C67ADF8-D850-4D2E-9A73-E381D31B8C14}
		{0060CE4E-6956-46EF-9506-212BEE5FF4AD} = {85AFD7F1-6943-40FE-B8EC-AA9DBB42CCA6}
		{6B5377CA-EBB7-47E7-84D4-69438609D171} = {0060CE4E-6956-46EF-9506-212BEE5FF4AD}
		{2DD8FB8A-DA71-418D-84D0-7007B24124AA} = {6B5377CA-EBB7-47E7-84D4-69438609D171}
		{B2F7BFEB-B69D-46CD-8936-FA2FEBABC363} = {6B5377CA-EBB7-47E7-84D4-69438609D171}
		{7DEB577A-52B8-4475-A109-689FD515AEEA} = {9883287D-A497-400C-ACB8-6F6138591DEC}
	EndGlobalSection
EndGlobal
