
Microsoft Visual Studio Solution File, Format Version 12.00
# Visual Studio 15
VisualStudioVersion = 15.0.26127.0
MinimumVisualStudioVersion = 10.0.40219.1
Project("{2150E333-8FDC-42A3-9474-1A3956D46DE8}") = "GetStarted", "GetStarted", "{B9DB3F0B-F942-484B-9A66-428279437932}"
EndProject
Project("{2150E333-8FDC-42A3-9474-1A3956D46DE8}") = "AspNetCore", "AspNetCore", "{AC06E61C-1FE2-41B8-95E3-780051DA2275}"
EndProject
Project("{9A19103F-16F7-4668-BE54-9A1E7A4F7556}") = "EFGetStarted.AspNetCore.NewDb", "GetStarted\AspNetCore\EFGetStarted.AspNetCore.NewDb\EFGetStarted.AspNetCore.NewDb.csproj", "{B7FBD3B5-D3BF-42DE-B7A9-AE603A271349}"
EndProject
Project("{FAE04EC0-301F-11D3-BF4B-00C04F79EFBC}") = "EFGetStarted.AspNetCore.ExistingDb", "GetStarted\AspNetCore\EFGetStarted.AspNetCore.ExistingDb\EFGetStarted.AspNetCore.ExistingDb.csproj", "{E30A16E6-B621-4D3C-BE79-866510451752}"
EndProject
Global
	GlobalSection(SolutionConfigurationPlatforms) = preSolution
		Debug|Any CPU = Debug|Any CPU
		Debug|x64 = Debug|x64
		Debug|x86 = Debug|x86
		Release|Any CPU = Release|Any CPU
		Release|x64 = Release|x64
		Release|x86 = Release|x86
	EndGlobalSection
	GlobalSection(ProjectConfigurationPlatforms) = postSolution
		{B7FBD3B5-D3BF-42DE-B7A9-AE603A271349}.Debug|Any CPU.ActiveCfg = Debug|Any CPU
		{B7FBD3B5-D3BF-42DE-B7A9-AE603A271349}.Debug|Any CPU.Build.0 = Debug|Any CPU
		{B7FBD3B5-D3BF-42DE-B7A9-AE603A271349}.Debug|x64.ActiveCfg = Debug|x64
		{B7FBD3B5-D3BF-42DE-B7A9-AE603A271349}.Debug|x64.Build.0 = Debug|x64
		{B7FBD3B5-D3BF-42DE-B7A9-AE603A271349}.Debug|x86.ActiveCfg = Debug|x86
		{B7FBD3B5-D3BF-42DE-B7A9-AE603A271349}.Debug|x86.Build.0 = Debug|x86
		{B7FBD3B5-D3BF-42DE-B7A9-AE603A271349}.Release|Any CPU.ActiveCfg = Release|Any CPU
		{B7FBD3B5-D3BF-42DE-B7A9-AE603A271349}.Release|Any CPU.Build.0 = Release|Any CPU
		{B7FBD3B5-D3BF-42DE-B7A9-AE603A271349}.Release|x64.ActiveCfg = Release|x64
		{B7FBD3B5-D3BF-42DE-B7A9-AE603A271349}.Release|x64.Build.0 = Release|x64
		{B7FBD3B5-D3BF-42DE-B7A9-AE603A271349}.Release|x86.ActiveCfg = Release|x86
		{B7FBD3B5-D3BF-42DE-B7A9-AE603A271349}.Release|x86.Build.0 = Release|x86
		{E30A16E6-B621-4D3C-BE79-866510451752}.Debug|Any CPU.ActiveCfg = Debug|Any CPU
		{E30A16E6-B621-4D3C-BE79-866510451752}.Debug|Any CPU.Build.0 = Debug|Any CPU
		{E30A16E6-B621-4D3C-BE79-866510451752}.Debug|x64.ActiveCfg = Debug|x64
		{E30A16E6-B621-4D3C-BE79-866510451752}.Debug|x64.Build.0 = Debug|x64
		{E30A16E6-B621-4D3C-BE79-866510451752}.Debug|x86.ActiveCfg = Debug|x86
		{E30A16E6-B621-4D3C-BE79-866510451752}.Debug|x86.Build.0 = Debug|x86
		{E30A16E6-B621-4D3C-BE79-866510451752}.Release|Any CPU.ActiveCfg = Release|Any CPU
		{E30A16E6-B621-4D3C-BE79-866510451752}.Release|Any CPU.Build.0 = Release|Any CPU
		{E30A16E6-B621-4D3C-BE79-866510451752}.Release|x64.ActiveCfg = Release|x64
		{E30A16E6-B621-4D3C-BE79-866510451752}.Release|x64.Build.0 = Release|x64
		{E30A16E6-B621-4D3C-BE79-866510451752}.Release|x86.ActiveCfg = Release|x86
		{E30A16E6-B621-4D3C-BE79-866510451752}.Release|x86.Build.0 = Release|x86
	EndGlobalSection
	GlobalSection(SolutionProperties) = preSolution
		HideSolutionNode = FALSE
	EndGlobalSection
	GlobalSection(NestedProjects) = preSolution
		{AC06E61C-1FE2-41B8-95E3-780051DA2275} = {B9DB3F0B-F942-484B-9A66-428279437932}
		{B7FBD3B5-D3BF-42DE-B7A9-AE603A271349} = {AC06E61C-1FE2-41B8-95E3-780051DA2275}
		{E30A16E6-B621-4D3C-BE79-866510451752} = {AC06E61C-1FE2-41B8-95E3-780051DA2275}
	EndGlobalSection
EndGlobal
