
Microsoft Visual Studio Solution File, Format Version 12.00
# Visual Studio 15
Project("{FAE04EC0-301F-11D3-BF4B-00C04F79EFBC}") = "EFGetStarted.Android", "EFGetStarted.Android\EFGetStarted.Android.csproj", "{8969C333-0071-4893-91BE-18050B0343C9}"
EndProject
Project("{FAE04EC0-301F-11D3-BF4B-00C04F79EFBC}") = "EFGetStarted.iOS", "EFGetStarted.iOS\EFGetStarted.iOS.csproj", "{CDC252B5-A191-4131-8B4F-8983A370DA5C}"
EndProject
Project("{FAE04EC0-301F-11D3-BF4B-00C04F79EFBC}") = "EFGetStarted", "EFGetStarted\EFGetStarted.csproj", "{E5DCDF9D-4AF4-4570-A9B6-D7C78DB2096F}"
EndProject
Global
	GlobalSection(SolutionConfigurationPlatforms) = preSolution
		Debug|Any CPU = Debug|Any CPU
		Release|Any CPU = Release|Any CPU
		Debug|iPhoneSimulator = Debug|iPhoneSimulator
		Release|iPhoneSimulator = Release|iPhoneSimulator
		Debug|iPhone = Debug|iPhone
		Release|iPhone = Release|iPhone
	EndGlobalSection
	GlobalSection(ProjectConfigurationPlatforms) = postSolution
		{8969C333-0071-4893-91BE-18050B0343C9}.Debug|Any CPU.ActiveCfg = Debug|Any CPU
		{8969C333-0071-4893-91BE-18050B0343C9}.Debug|Any CPU.Build.0 = Debug|Any CPU
		{8969C333-0071-4893-91BE-18050B0343C9}.Release|Any CPU.ActiveCfg = Release|Any CPU
		{8969C333-0071-4893-91BE-18050B0343C9}.Release|Any CPU.Build.0 = Release|Any CPU
		{8969C333-0071-4893-91BE-18050B0343C9}.Debug|iPhoneSimulator.ActiveCfg = Debug|Any CPU
		{8969C333-0071-4893-91BE-18050B0343C9}.Debug|iPhoneSimulator.Build.0 = Debug|Any CPU
		{8969C333-0071-4893-91BE-18050B0343C9}.Release|iPhoneSimulator.ActiveCfg = Release|Any CPU
		{8969C333-0071-4893-91BE-18050B0343C9}.Release|iPhoneSimulator.Build.0 = Release|Any CPU
		{8969C333-0071-4893-91BE-18050B0343C9}.Debug|iPhone.ActiveCfg = Debug|Any CPU
		{8969C333-0071-4893-91BE-18050B0343C9}.Debug|iPhone.Build.0 = Debug|Any CPU
		{8969C333-0071-4893-91BE-18050B0343C9}.Release|iPhone.ActiveCfg = Release|Any CPU
		{8969C333-0071-4893-91BE-18050B0343C9}.Release|iPhone.Build.0 = Release|Any CPU
		{CDC252B5-A191-4131-8B4F-8983A370DA5C}.Debug|Any CPU.ActiveCfg = Debug|iPhoneSimulator
		{CDC252B5-A191-4131-8B4F-8983A370DA5C}.Debug|Any CPU.Build.0 = Debug|iPhoneSimulator
		{CDC252B5-A191-4131-8B4F-8983A370DA5C}.Release|Any CPU.ActiveCfg = Release|iPhoneSimulator
		{CDC252B5-A191-4131-8B4F-8983A370DA5C}.Release|Any CPU.Build.0 = Release|iPhoneSimulator
		{CDC252B5-A191-4131-8B4F-8983A370DA5C}.Debug|iPhoneSimulator.ActiveCfg = Debug|iPhoneSimulator
		{CDC252B5-A191-4131-8B4F-8983A370DA5C}.Debug|iPhoneSimulator.Build.0 = Debug|iPhoneSimulator
		{CDC252B5-A191-4131-8B4F-8983A370DA5C}.Release|iPhoneSimulator.ActiveCfg = Release|iPhoneSimulator
		{CDC252B5-A191-4131-8B4F-8983A370DA5C}.Release|iPhoneSimulator.Build.0 = Release|iPhoneSimulator
		{CDC252B5-A191-4131-8B4F-8983A370DA5C}.Debug|iPhone.ActiveCfg = Debug|iPhone
		{CDC252B5-A191-4131-8B4F-8983A370DA5C}.Debug|iPhone.Build.0 = Debug|iPhone
		{CDC252B5-A191-4131-8B4F-8983A370DA5C}.Release|iPhone.ActiveCfg = Release|iPhone
		{CDC252B5-A191-4131-8B4F-8983A370DA5C}.Release|iPhone.Build.0 = Release|iPhone
		{E5DCDF9D-4AF4-4570-A9B6-D7C78DB2096F}.Debug|Any CPU.ActiveCfg = Debug|Any CPU
		{E5DCDF9D-4AF4-4570-A9B6-D7C78DB2096F}.Debug|Any CPU.Build.0 = Debug|Any CPU
		{E5DCDF9D-4AF4-4570-A9B6-D7C78DB2096F}.Release|Any CPU.ActiveCfg = Release|Any CPU
		{E5DCDF9D-4AF4-4570-A9B6-D7C78DB2096F}.Release|Any CPU.Build.0 = Release|Any CPU
		{E5DCDF9D-4AF4-4570-A9B6-D7C78DB2096F}.Debug|iPhoneSimulator.ActiveCfg = Debug|Any CPU
		{E5DCDF9D-4AF4-4570-A9B6-D7C78DB2096F}.Debug|iPhoneSimulator.Build.0 = Debug|Any CPU
		{E5DCDF9D-4AF4-4570-A9B6-D7C78DB2096F}.Release|iPhoneSimulator.ActiveCfg = Release|Any CPU
		{E5DCDF9D-4AF4-4570-A9B6-D7C78DB2096F}.Release|iPhoneSimulator.Build.0 = Release|Any CPU
		{E5DCDF9D-4AF4-4570-A9B6-D7C78DB2096F}.Debug|iPhone.ActiveCfg = Debug|Any CPU
		{E5DCDF9D-4AF4-4570-A9B6-D7C78DB2096F}.Debug|iPhone.Build.0 = Debug|Any CPU
		{E5DCDF9D-4AF4-4570-A9B6-D7C78DB2096F}.Release|iPhone.ActiveCfg = Release|Any CPU
		{E5DCDF9D-4AF4-4570-A9B6-D7C78DB2096F}.Release|iPhone.Build.0 = Release|Any CPU
	EndGlobalSection
EndGlobal
