
Microsoft Visual Studio Solution File, Format Version 12.00
# Visual Studio 14
VisualStudioVersion = 14.0.23107.0
MinimumVisualStudioVersion = 10.0.40219.1
Project("{FAE04EC0-301F-11D3-BF4B-00C04F79EFBC}") = "EFModeling.Configuring.FluentAPI", "EFModeling.Configuring.FluentAPI\EFModeling.Configuring.FluentAPI.csproj", "{20E1786B-FA14-4470-8B90-62A0C197E54D}"
EndProject
Project("{FAE04EC0-301F-11D3-BF4B-00C04F79EFBC}") = "EFModeling.Configuring.DataAnnotations", "EFModeling.Configuring.DataAnnotations\EFModeling.Configuring.DataAnnotations.csproj", "{F583DA77-954C-4C4E-9F46-846CB39208DE}"
EndProject
Project("{FAE04EC0-301F-11D3-BF4B-00C04F79EFBC}") = "EFModeling.Conventions", "EFModeling.Conventions\EFModeling.Conventions.csproj", "{73E054DC-BF55-4717-A729-7FA53382E0EA}"
EndProject
Global
	GlobalSection(SolutionConfigurationPlatforms) = preSolution
		Debug|Any CPU = Debug|Any CPU
		Release|Any CPU = Release|Any CPU
	EndGlobalSection
	GlobalSection(ProjectConfigurationPlatforms) = postSolution
		{20E1786B-FA14-4470-8B90-62A0C197E54D}.Debug|Any CPU.ActiveCfg = Debug|Any CPU
		{20E1786B-FA14-4470-8B90-62A0C197E54D}.Debug|Any CPU.Build.0 = Debug|Any CPU
		{20E1786B-FA14-4470-8B90-62A0C197E54D}.Release|Any CPU.ActiveCfg = Release|Any CPU
		{20E1786B-FA14-4470-8B90-62A0C197E54D}.Release|Any CPU.Build.0 = Release|Any CPU
		{F583DA77-954C-4C4E-9F46-846CB39208DE}.Debug|Any CPU.ActiveCfg = Debug|Any CPU
		{F583DA77-954C-4C4E-9F46-846CB39208DE}.Debug|Any CPU.Build.0 = Debug|Any CPU
		{F583DA77-954C-4C4E-9F46-846CB39208DE}.Release|Any CPU.ActiveCfg = Release|Any CPU
		{F583DA77-954C-4C4E-9F46-846CB39208DE}.Release|Any CPU.Build.0 = Release|Any CPU
		{73E054DC-BF55-4717-A729-7FA53382E0EA}.Debug|Any CPU.ActiveCfg = Debug|Any CPU
		{73E054DC-BF55-4717-A729-7FA53382E0EA}.Debug|Any CPU.Build.0 = Debug|Any CPU
		{73E054DC-BF55-4717-A729-7FA53382E0EA}.Release|Any CPU.ActiveCfg = Release|Any CPU
		{73E054DC-BF55-4717-A729-7FA53382E0EA}.Release|Any CPU.Build.0 = Release|Any CPU
	EndGlobalSection
	GlobalSection(SolutionProperties) = preSolution
		HideSolutionNode = FALSE
	EndGlobalSection
EndGlobal
