
Microsoft Visual Studio Solution File, Format Version 12.00
# Visual Studio 14
VisualStudioVersion = 14.0.24720.0
MinimumVisualStudioVersion = 10.0.40219.1
Project("{FAE04EC0-301F-11D3-BF4B-00C04F79EFBC}") = "BusinessLogic", "BusinessLogic\BusinessLogic.csproj", "{60B2C7AF-655F-4709-9E7F-7403E61F3A08}"
EndProject
Project("{FAE04EC0-301F-11D3-BF4B-00C04F79EFBC}") = "TestProject", "TestProject\TestProject.csproj", "{F4468750-9480-48E0-AA7A-DE84780AE1C2}"
EndProject
Global
	GlobalSection(SolutionConfigurationPlatforms) = preSolution
		Debug|Any CPU = Debug|Any CPU
		Release|Any CPU = Release|Any CPU
	EndGlobalSection
	GlobalSection(ProjectConfigurationPlatforms) = postSolution
		{60B2C7AF-655F-4709-9E7F-7403E61F3A08}.Debug|Any CPU.ActiveCfg = Debug|Any CPU
		{60B2C7AF-655F-4709-9E7F-7403E61F3A08}.Debug|Any CPU.Build.0 = Debug|Any CPU
		{60B2C7AF-655F-4709-9E7F-7403E61F3A08}.Release|Any CPU.ActiveCfg = Release|Any CPU
		{60B2C7AF-655F-4709-9E7F-7403E61F3A08}.Release|Any CPU.Build.0 = Release|Any CPU
		{F4468750-9480-48E0-AA7A-DE84780AE1C2}.Debug|Any CPU.ActiveCfg = Debug|Any CPU
		{F4468750-9480-48E0-AA7A-DE84780AE1C2}.Debug|Any CPU.Build.0 = Debug|Any CPU
		{F4468750-9480-48E0-AA7A-DE84780AE1C2}.Release|Any CPU.ActiveCfg = Release|Any CPU
		{F4468750-9480-48E0-AA7A-DE84780AE1C2}.Release|Any CPU.Build.0 = Release|Any CPU
	EndGlobalSection
	GlobalSection(SolutionProperties) = preSolution
		HideSolutionNode = FALSE
	EndGlobalSection
EndGlobal
