
Microsoft Visual Studio Solution File, Format Version 12.00
# Visual Studio 15
VisualStudioVersion = 15.0.27703.2042
MinimumVisualStudioVersion = 10.0.40219.1
Project("{FAE04EC0-301F-11D3-BF4B-00C04F79EFBC}") = "Blogging.Model", "Blogging.Model\Blogging.Model.csproj", "{4AD1A405-A722-4260-B79E-04A6C42097FD}"
EndProject
Project("{FAE04EC0-301F-11D3-BF4B-00C04F79EFBC}") = "Blogging.UWP", "Blogging.UWP\Blogging.UWP.csproj", "{DEB830D7-7EF9-4792-8B37-DA0A61DF28C4}"
EndProject
Project("{FAE04EC0-301F-11D3-BF4B-00C04F79EFBC}") = "Blogging.Migrations.Startup", "Blogging.Migrations.Startup\Blogging.Migrations.Startup.csproj", "{5750E84F-510B-44B5-A744-FCF81EB7F2E6}"
EndProject
Global
	GlobalSection(SolutionConfigurationPlatforms) = preSolution
		Debug|Any CPU = Debug|Any CPU
		Debug|ARM = Debug|ARM
		Debug|x64 = Debug|x64
		Debug|x86 = Debug|x86
		Release|Any CPU = Release|Any CPU
		Release|ARM = Release|ARM
		Release|x64 = Release|x64
		Release|x86 = Release|x86
	EndGlobalSection
	GlobalSection(ProjectConfigurationPlatforms) = postSolution
		{4AD1A405-A722-4260-B79E-04A6C42097FD}.Debug|Any CPU.ActiveCfg = Debug|Any CPU
		{4AD1A405-A722-4260-B79E-04A6C42097FD}.Debug|Any CPU.Build.0 = Debug|Any CPU
		{4AD1A405-A722-4260-B79E-04A6C42097FD}.Debug|ARM.ActiveCfg = Debug|Any CPU
		{4AD1A405-A722-4260-B79E-04A6C42097FD}.Debug|ARM.Build.0 = Debug|Any CPU
		{4AD1A405-A722-4260-B79E-04A6C42097FD}.Debug|x64.ActiveCfg = Debug|Any CPU
		{4AD1A405-A722-4260-B79E-04A6C42097FD}.Debug|x64.Build.0 = Debug|Any CPU
		{4AD1A405-A722-4260-B79E-04A6C42097FD}.Debug|x86.ActiveCfg = Debug|Any CPU
		{4AD1A405-A722-4260-B79E-04A6C42097FD}.Debug|x86.Build.0 = Debug|Any CPU
		{4AD1A405-A722-4260-B79E-04A6C42097FD}.Release|Any CPU.ActiveCfg = Release|Any CPU
		{4AD1A405-A722-4260-B79E-04A6C42097FD}.Release|Any CPU.Build.0 = Release|Any CPU
		{4AD1A405-A722-4260-B79E-04A6C42097FD}.Release|ARM.ActiveCfg = Release|Any CPU
		{4AD1A405-A722-4260-B79E-04A6C42097FD}.Release|ARM.Build.0 = Release|Any CPU
		{4AD1A405-A722-4260-B79E-04A6C42097FD}.Release|x64.ActiveCfg = Release|Any CPU
		{4AD1A405-A722-4260-B79E-04A6C42097FD}.Release|x64.Build.0 = Release|Any CPU
		{4AD1A405-A722-4260-B79E-04A6C42097FD}.Release|x86.ActiveCfg = Release|Any CPU
		{4AD1A405-A722-4260-B79E-04A6C42097FD}.Release|x86.Build.0 = Release|Any CPU
		{DEB830D7-7EF9-4792-8B37-DA0A61DF28C4}.Debug|Any CPU.ActiveCfg = Debug|x86
		{DEB830D7-7EF9-4792-8B37-DA0A61DF28C4}.Debug|ARM.ActiveCfg = Debug|ARM
		{DEB830D7-7EF9-4792-8B37-DA0A61DF28C4}.Debug|ARM.Build.0 = Debug|ARM
		{DEB830D7-7EF9-4792-8B37-DA0A61DF28C4}.Debug|ARM.Deploy.0 = Debug|ARM
		{DEB830D7-7EF9-4792-8B37-DA0A61DF28C4}.Debug|x64.ActiveCfg = Debug|x64
		{DEB830D7-7EF9-4792-8B37-DA0A61DF28C4}.Debug|x64.Build.0 = Debug|x64
		{DEB830D7-7EF9-4792-8B37-DA0A61DF28C4}.Debug|x64.Deploy.0 = Debug|x64
		{DEB830D7-7EF9-4792-8B37-DA0A61DF28C4}.Debug|x86.ActiveCfg = Debug|x86
		{DEB830D7-7EF9-4792-8B37-DA0A61DF28C4}.Debug|x86.Build.0 = Debug|x86
		{DEB830D7-7EF9-4792-8B37-DA0A61DF28C4}.Debug|x86.Deploy.0 = Debug|x86
		{DEB830D7-7EF9-4792-8B37-DA0A61DF28C4}.Release|Any CPU.ActiveCfg = Release|x86
		{DEB830D7-7EF9-4792-8B37-DA0A61DF28C4}.Release|ARM.ActiveCfg = Release|ARM
		{DEB830D7-7EF9-4792-8B37-DA0A61DF28C4}.Release|ARM.Build.0 = Release|ARM
		{DEB830D7-7EF9-4792-8B37-DA0A61DF28C4}.Release|ARM.Deploy.0 = Release|ARM
		{DEB830D7-7EF9-4792-8B37-DA0A61DF28C4}.Release|x64.ActiveCfg = Release|x64
		{DEB830D7-7EF9-4792-8B37-DA0A61DF28C4}.Release|x64.Build.0 = Release|x64
		{DEB830D7-7EF9-4792-8B37-DA0A61DF28C4}.Release|x64.Deploy.0 = Release|x64
		{DEB830D7-7EF9-4792-8B37-DA0A61DF28C4}.Release|x86.ActiveCfg = Release|x86
		{DEB830D7-7EF9-4792-8B37-DA0A61DF28C4}.Release|x86.Build.0 = Release|x86
		{DEB830D7-7EF9-4792-8B37-DA0A61DF28C4}.Release|x86.Deploy.0 = Release|x86
		{5750E84F-510B-44B5-A744-FCF81EB7F2E6}.Debug|Any CPU.ActiveCfg = Debug|Any CPU
		{5750E84F-510B-44B5-A744-FCF81EB7F2E6}.Debug|Any CPU.Build.0 = Debug|Any CPU
		{5750E84F-510B-44B5-A744-FCF81EB7F2E6}.Debug|ARM.ActiveCfg = Debug|Any CPU
		{5750E84F-510B-44B5-A744-FCF81EB7F2E6}.Debug|ARM.Build.0 = Debug|Any CPU
		{5750E84F-510B-44B5-A744-FCF81EB7F2E6}.Debug|x64.ActiveCfg = Debug|Any CPU
		{5750E84F-510B-44B5-A744-FCF81EB7F2E6}.Debug|x64.Build.0 = Debug|Any CPU
		{5750E84F-510B-44B5-A744-FCF81EB7F2E6}.Debug|x86.ActiveCfg = Debug|Any CPU
		{5750E84F-510B-44B5-A744-FCF81EB7F2E6}.Debug|x86.Build.0 = Debug|Any CPU
		{5750E84F-510B-44B5-A744-FCF81EB7F2E6}.Release|Any CPU.ActiveCfg = Release|Any CPU
		{5750E84F-510B-44B5-A744-FCF81EB7F2E6}.Release|Any CPU.Build.0 = Release|Any CPU
		{5750E84F-510B-44B5-A744-FCF81EB7F2E6}.Release|ARM.ActiveCfg = Release|Any CPU
		{5750E84F-510B-44B5-A744-FCF81EB7F2E6}.Release|ARM.Build.0 = Release|Any CPU
		{5750E84F-510B-44B5-A744-FCF81EB7F2E6}.Release|x64.ActiveCfg = Release|Any CPU
		{5750E84F-510B-44B5-A744-FCF81EB7F2E6}.Release|x64.Build.0 = Release|Any CPU
		{5750E84F-510B-44B5-A744-FCF81EB7F2E6}.Release|x86.ActiveCfg = Release|Any CPU
		{5750E84F-510B-44B5-A744-FCF81EB7F2E6}.Release|x86.Build.0 = Release|Any CPU
	EndGlobalSection
	GlobalSection(SolutionProperties) = preSolution
		HideSolutionNode = FALSE
	EndGlobalSection
	GlobalSection(ExtensibilityGlobals) = postSolution
		SolutionGuid = {79C573EE-C5D9-40BB-9083-9FE259FE9C33}
	EndGlobalSection
EndGlobal
