
Microsoft Visual Studio Solution File, Format Version 12.00
# Visual Studio 15
VisualStudioVersion = 15.0.27703.2042
MinimumVisualStudioVersion = 10.0.40219.1
Project("{FAE04EC0-301F-11D3-BF4B-00C04F79EFBC}") = "UWP.Model", "UWP.Model\UWP.Model.csproj", "{EF118963-D30D-41AC-9086-D7647B531DD3}"
EndProject
Project("{FAE04EC0-301F-11D3-BF4B-00C04F79EFBC}") = "UWP.SQLite", "UWP.SQLite\UWP.SQLite.csproj", "{972D2A4B-C69C-4F7D-959F-6D4D75668112}"
EndProject
Project("{FAE04EC0-301F-11D3-BF4B-00C04F79EFBC}") = "UWP.ConsoleApp", "UWP.ConsoleApp\UWP.ConsoleApp.csproj", "{189F5902-BE2A-45F3-BA40-7FD871C14CD9}"
EndProject
Global
	GlobalSection(SolutionConfigurationPlatforms) = preSolution
		Debug|Any CPU = Debug|Any CPU
		Debug|ARM = Debug|ARM
		Debug|x64 = Debug|x64
		Debug|x86 = Debug|x86
		Release|Any CPU = Release|Any CPU
		Release|ARM = Release|ARM
		Release|x64 = Release|x64
		Release|x86 = Release|x86
	EndGlobalSection
	GlobalSection(ProjectConfigurationPlatforms) = postSolution
		{EF118963-D30D-41AC-9086-D7647B531DD3}.Debug|Any CPU.ActiveCfg = Debug|Any CPU
		{EF118963-D30D-41AC-9086-D7647B531DD3}.Debug|Any CPU.Build.0 = Debug|Any CPU
		{EF118963-D30D-41AC-9086-D7647B531DD3}.Debug|ARM.ActiveCfg = Debug|Any CPU
		{EF118963-D30D-41AC-9086-D7647B531DD3}.Debug|ARM.Build.0 = Debug|Any CPU
		{EF118963-D30D-41AC-9086-D7647B531DD3}.Debug|x64.ActiveCfg = Debug|Any CPU
		{EF118963-D30D-41AC-9086-D7647B531DD3}.Debug|x64.Build.0 = Debug|Any CPU
		{EF118963-D30D-41AC-9086-D7647B531DD3}.Debug|x86.ActiveCfg = Debug|Any CPU
		{EF118963-D30D-41AC-9086-D7647B531DD3}.Debug|x86.Build.0 = Debug|Any CPU
		{EF118963-D30D-41AC-9086-D7647B531DD3}.Release|Any CPU.ActiveCfg = Release|Any CPU
		{EF118963-D30D-41AC-9086-D7647B531DD3}.Release|Any CPU.Build.0 = Release|Any CPU
		{EF118963-D30D-41AC-9086-D7647B531DD3}.Release|ARM.ActiveCfg = Release|Any CPU
		{EF118963-D30D-41AC-9086-D7647B531DD3}.Release|ARM.Build.0 = Release|Any CPU
		{EF118963-D30D-41AC-9086-D7647B531DD3}.Release|x64.ActiveCfg = Release|Any CPU
		{EF118963-D30D-41AC-9086-D7647B531DD3}.Release|x64.Build.0 = Release|Any CPU
		{EF118963-D30D-41AC-9086-D7647B531DD3}.Release|x86.ActiveCfg = Release|Any CPU
		{EF118963-D30D-41AC-9086-D7647B531DD3}.Release|x86.Build.0 = Release|Any CPU
		{972D2A4B-C69C-4F7D-959F-6D4D75668112}.Debug|Any CPU.ActiveCfg = Debug|x86
		{972D2A4B-C69C-4F7D-959F-6D4D75668112}.Debug|ARM.ActiveCfg = Debug|ARM
		{972D2A4B-C69C-4F7D-959F-6D4D75668112}.Debug|ARM.Build.0 = Debug|ARM
		{972D2A4B-C69C-4F7D-959F-6D4D75668112}.Debug|ARM.Deploy.0 = Debug|ARM
		{972D2A4B-C69C-4F7D-959F-6D4D75668112}.Debug|x64.ActiveCfg = Debug|x64
		{972D2A4B-C69C-4F7D-959F-6D4D75668112}.Debug|x64.Build.0 = Debug|x64
		{972D2A4B-C69C-4F7D-959F-6D4D75668112}.Debug|x64.Deploy.0 = Debug|x64
		{972D2A4B-C69C-4F7D-959F-6D4D75668112}.Debug|x86.ActiveCfg = Debug|x86
		{972D2A4B-C69C-4F7D-959F-6D4D75668112}.Debug|x86.Build.0 = Debug|x86
		{972D2A4B-C69C-4F7D-959F-6D4D75668112}.Debug|x86.Deploy.0 = Debug|x86
		{972D2A4B-C69C-4F7D-959F-6D4D75668112}.Release|Any CPU.ActiveCfg = Release|x86
		{972D2A4B-C69C-4F7D-959F-6D4D75668112}.Release|ARM.ActiveCfg = Release|ARM
		{972D2A4B-C69C-4F7D-959F-6D4D75668112}.Release|ARM.Build.0 = Release|ARM
		{972D2A4B-C69C-4F7D-959F-6D4D75668112}.Release|ARM.Deploy.0 = Release|ARM
		{972D2A4B-C69C-4F7D-959F-6D4D75668112}.Release|x64.ActiveCfg = Release|x64
		{972D2A4B-C69C-4F7D-959F-6D4D75668112}.Release|x64.Build.0 = Release|x64
		{972D2A4B-C69C-4F7D-959F-6D4D75668112}.Release|x64.Deploy.0 = Release|x64
		{972D2A4B-C69C-4F7D-959F-6D4D75668112}.Release|x86.ActiveCfg = Release|x86
		{972D2A4B-C69C-4F7D-959F-6D4D75668112}.Release|x86.Build.0 = Release|x86
		{972D2A4B-C69C-4F7D-959F-6D4D75668112}.Release|x86.Deploy.0 = Release|x86
		{189F5902-BE2A-45F3-BA40-7FD871C14CD9}.Debug|Any CPU.ActiveCfg = Debug|Any CPU
		{189F5902-BE2A-45F3-BA40-7FD871C14CD9}.Debug|Any CPU.Build.0 = Debug|Any CPU
		{189F5902-BE2A-45F3-BA40-7FD871C14CD9}.Debug|ARM.ActiveCfg = Debug|Any CPU
		{189F5902-BE2A-45F3-BA40-7FD871C14CD9}.Debug|ARM.Build.0 = Debug|Any CPU
		{189F5902-BE2A-45F3-BA40-7FD871C14CD9}.Debug|x64.ActiveCfg = Debug|Any CPU
		{189F5902-BE2A-45F3-BA40-7FD871C14CD9}.Debug|x64.Build.0 = Debug|Any CPU
		{189F5902-BE2A-45F3-BA40-7FD871C14CD9}.Debug|x86.ActiveCfg = Debug|Any CPU
		{189F5902-BE2A-45F3-BA40-7FD871C14CD9}.Debug|x86.Build.0 = Debug|Any CPU
		{189F5902-BE2A-45F3-BA40-7FD871C14CD9}.Release|Any CPU.ActiveCfg = Release|Any CPU
		{189F5902-BE2A-45F3-BA40-7FD871C14CD9}.Release|Any CPU.Build.0 = Release|Any CPU
		{189F5902-BE2A-45F3-BA40-7FD871C14CD9}.Release|ARM.ActiveCfg = Release|Any CPU
		{189F5902-BE2A-45F3-BA40-7FD871C14CD9}.Release|ARM.Build.0 = Release|Any CPU
		{189F5902-BE2A-45F3-BA40-7FD871C14CD9}.Release|x64.ActiveCfg = Release|Any CPU
		{189F5902-BE2A-45F3-BA40-7FD871C14CD9}.Release|x64.Build.0 = Release|Any CPU
		{189F5902-BE2A-45F3-BA40-7FD871C14CD9}.Release|x86.ActiveCfg = Release|Any CPU
		{189F5902-BE2A-45F3-BA40-7FD871C14CD9}.Release|x86.Build.0 = Release|Any CPU
	EndGlobalSection
	GlobalSection(SolutionProperties) = preSolution
		HideSolutionNode = FALSE
	EndGlobalSection
	GlobalSection(ExtensibilityGlobals) = postSolution
		SolutionGuid = {3B88062A-AE3A-4A24-832C-24BF9F0B1F9E}
	EndGlobalSection
EndGlobal
