
Microsoft Visual Studio Solution File, Format Version 12.00
# Visual Studio Version 17
VisualStudioVersion = 17.1.31911.260
MinimumVisualStudioVersion = 10.0.40219.1
Project("{9A19103F-16F7-4668-BE54-9A1E7A4F7556}") = "MultiDb", "MultiDb.csproj", "{A5F0571D-647C-4100-AADF-AECDDF9F02FA}"
EndProject
Project("{9A19103F-16F7-4668-BE54-9A1E7A4F7556}") = "Common", "..\Common\Common.csproj", "{C2E619F6-2404-429D-8966-DB89D3A29314}"
EndProject
Project("{9A19103F-16F7-4668-BE54-9A1E7A4F7556}") = "TenantControls", "..\TenantControls\TenantControls.csproj", "{640C6DAF-5C00-463C-8E54-9D042C6F1C23}"
EndProject
Global
	GlobalSection(SolutionConfigurationPlatforms) = preSolution
		Debug|Any CPU = Debug|Any CPU
		Release|Any CPU = Release|Any CPU
	EndGlobalSection
	GlobalSection(ProjectConfigurationPlatforms) = postSolution
		{A5F0571D-647C-4100-AADF-AECDDF9F02FA}.Debug|Any CPU.ActiveCfg = Debug|Any CPU
		{A5F0571D-647C-4100-AADF-AECDDF9F02FA}.Debug|Any CPU.Build.0 = Debug|Any CPU
		{A5F0571D-647C-4100-AADF-AECDDF9F02FA}.Release|Any CPU.ActiveCfg = Release|Any CPU
		{A5F0571D-647C-4100-AADF-AECDDF9F02FA}.Release|Any CPU.Build.0 = Release|Any CPU
		{C2E619F6-2404-429D-8966-DB89D3A29314}.Debug|Any CPU.ActiveCfg = Debug|Any CPU
		{C2E619F6-2404-429D-8966-DB89D3A29314}.Debug|Any CPU.Build.0 = Debug|Any CPU
		{C2E619F6-2404-429D-8966-DB89D3A29314}.Release|Any CPU.ActiveCfg = Release|Any CPU
		{C2E619F6-2404-429D-8966-DB89D3A29314}.Release|Any CPU.Build.0 = Release|Any CPU
		{640C6DAF-5C00-463C-8E54-9D042C6F1C23}.Debug|Any CPU.ActiveCfg = Debug|Any CPU
		{640C6DAF-5C00-463C-8E54-9D042C6F1C23}.Debug|Any CPU.Build.0 = Debug|Any CPU
		{640C6DAF-5C00-463C-8E54-9D042C6F1C23}.Release|Any CPU.ActiveCfg = Release|Any CPU
		{640C6DAF-5C00-463C-8E54-9D042C6F1C23}.Release|Any CPU.Build.0 = Release|Any CPU
	EndGlobalSection
	GlobalSection(SolutionProperties) = preSolution
		HideSolutionNode = FALSE
	EndGlobalSection
	GlobalSection(ExtensibilityGlobals) = postSolution
		SolutionGuid = {8AD843ED-6A67-4384-BC8B-5A39647AB713}
	EndGlobalSection
EndGlobal
