
Microsoft Visual Studio Solution File, Format Version 12.00
# Visual Studio 14
VisualStudioVersion = 14.0.24720.0
MinimumVisualStudioVersion = 10.0.40219.1
Project("{FAE04EC0-301F-11D3-BF4B-00C04F79EFBC}") = "EFLogging.ConsoleApp", "EFLogging.ConsoleApp\EFLogging.ConsoleApp.csproj", "{804A9357-D201-468C-ABB4-9B77E1D91EA3}"
EndProject
Project("{FAE04EC0-301F-11D3-BF4B-00C04F79EFBC}") = "EFLogging", "EFLogging\EFLogging.csproj", "{D3A5391D-9351-44D6-8122-2821C6E4BD62}"
EndProject
Global
	GlobalSection(SolutionConfigurationPlatforms) = preSolution
		Debug|Any CPU = Debug|Any CPU
		Release|Any CPU = Release|Any CPU
	EndGlobalSection
	GlobalSection(ProjectConfigurationPlatforms) = postSolution
		{804A9357-D201-468C-ABB4-9B77E1D91EA3}.Debug|Any CPU.ActiveCfg = Debug|Any CPU
		{804A9357-D201-468C-ABB4-9B77E1D91EA3}.Debug|Any CPU.Build.0 = Debug|Any CPU
		{804A9357-D201-468C-ABB4-9B77E1D91EA3}.Release|Any CPU.ActiveCfg = Release|Any CPU
		{804A9357-D201-468C-ABB4-9B77E1D91EA3}.Release|Any CPU.Build.0 = Release|Any CPU
		{D3A5391D-9351-44D6-8122-2821C6E4BD62}.Debug|Any CPU.ActiveCfg = Debug|Any CPU
		{D3A5391D-9351-44D6-8122-2821C6E4BD62}.Debug|Any CPU.Build.0 = Debug|Any CPU
		{D3A5391D-9351-44D6-8122-2821C6E4BD62}.Release|Any CPU.ActiveCfg = Release|Any CPU
		{D3A5391D-9351-44D6-8122-2821C6E4BD62}.Release|Any CPU.Build.0 = Release|Any CPU
	EndGlobalSection
	GlobalSection(SolutionProperties) = preSolution
		HideSolutionNode = FALSE
	EndGlobalSection
EndGlobal
