
Microsoft Visual Studio Solution File, Format Version 12.00
# Visual Studio Version 17
VisualStudioVersion = 17.1.31911.260
MinimumVisualStudioVersion = 10.0.40219.1
Project("{9A19103F-16F7-4668-BE54-9A1E7A4F7556}") = "SingleDbSingleTable", "SingleDbSingleTable.csproj", "{82E4B32D-0E8A-4D23-9C24-61004C5FF1CA}"
EndProject
Project("{9A19103F-16F7-4668-BE54-9A1E7A4F7556}") = "Common", "..\Common\Common.csproj", "{EB3478E1-0264-479D-84ED-615653657379}"
EndProject
Project("{9A19103F-16F7-4668-BE54-9A1E7A4F7556}") = "TenantControls", "..\TenantControls\TenantControls.csproj", "{BB014658-C50A-4A8B-A1D1-DD52BB41B4F8}"
EndProject
Global
	GlobalSection(SolutionConfigurationPlatforms) = preSolution
		Debug|Any CPU = Debug|Any CPU
		Release|Any CPU = Release|Any CPU
	EndGlobalSection
	GlobalSection(ProjectConfigurationPlatforms) = postSolution
		{82E4B32D-0E8A-4D23-9C24-61004C5FF1CA}.Debug|Any CPU.ActiveCfg = Debug|Any CPU
		{82E4B32D-0E8A-4D23-9C24-61004C5FF1CA}.Debug|Any CPU.Build.0 = Debug|Any CPU
		{82E4B32D-0E8A-4D23-9C24-61004C5FF1CA}.Release|Any CPU.ActiveCfg = Release|Any CPU
		{82E4B32D-0E8A-4D23-9C24-61004C5FF1CA}.Release|Any CPU.Build.0 = Release|Any CPU
		{EB3478E1-0264-479D-84ED-615653657379}.Debug|Any CPU.ActiveCfg = Debug|Any CPU
		{EB3478E1-0264-479D-84ED-615653657379}.Debug|Any CPU.Build.0 = Debug|Any CPU
		{EB3478E1-0264-479D-84ED-615653657379}.Release|Any CPU.ActiveCfg = Release|Any CPU
		{EB3478E1-0264-479D-84ED-615653657379}.Release|Any CPU.Build.0 = Release|Any CPU
		{BB014658-C50A-4A8B-A1D1-DD52BB41B4F8}.Debug|Any CPU.ActiveCfg = Debug|Any CPU
		{BB014658-C50A-4A8B-A1D1-DD52BB41B4F8}.Debug|Any CPU.Build.0 = Debug|Any CPU
		{BB014658-C50A-4A8B-A1D1-DD52BB41B4F8}.Release|Any CPU.ActiveCfg = Release|Any CPU
		{BB014658-C50A-4A8B-A1D1-DD52BB41B4F8}.Release|Any CPU.Build.0 = Release|Any CPU
	EndGlobalSection
	GlobalSection(SolutionProperties) = preSolution
		HideSolutionNode = FALSE
	EndGlobalSection
	GlobalSection(ExtensibilityGlobals) = postSolution
		SolutionGuid = {97533647-85BD-4298-922B-BD7907B22A7E}
	EndGlobalSection
EndGlobal
