
Microsoft Visual Studio Solution File, Format Version 12.00
# Visual Studio Version 16
VisualStudioVersion = 16.0.29814.53
MinimumVisualStudioVersion = 10.0.40219.1
Project("{FAE04EC0-301F-11D3-BF4B-00C04F79EFBC}") = "SimpleWindowsFormsApp", "SimpleWindowsFormsApp.csproj", "{5B9F0A21-9626-4A96-82B3-52625A98A63B}"
EndProject
Global
	GlobalSection(SolutionConfigurationPlatforms) = preSolution
		Debug|Any CPU = Debug|Any CPU
		Release|Any CPU = Release|Any CPU
	EndGlobalSection
	GlobalSection(ProjectConfigurationPlatforms) = postSolution
		{5B9F0A21-9626-4A96-82B3-52625A98A63B}.Debug|Any CPU.ActiveCfg = Debug|Any CPU
		{5B9F0A21-9626-4A96-82B3-52625A98A63B}.Debug|Any CPU.Build.0 = Debug|Any CPU
		{5B9F0A21-9626-4A96-82B3-52625A98A63B}.Release|Any CPU.ActiveCfg = Release|Any CPU
		{5B9F0A21-9626-4A96-82B3-52625A98A63B}.Release|Any CPU.Build.0 = Release|Any CPU
	EndGlobalSection
	GlobalSection(SolutionProperties) = preSolution
		HideSolutionNode = FALSE
	EndGlobalSection
	GlobalSection(ExtensibilityGlobals) = postSolution
		SolutionGuid = {0437253B-31F5-4CE3-B19F-110B181D9889}
	EndGlobalSection
EndGlobal
