
Microsoft Visual Studio Solution File, Format Version 12.00
# Visual Studio Version 16
VisualStudioVersion = 16.0.30320.27
MinimumVisualStudioVersion = 10.0.40219.1
Project("{FAE04EC0-301F-11D3-BF4B-00C04F79EFBC}") = "GetStartedWPF", "GetStartedWPF\GetStartedWPF.csproj", "{59047498-CA21-4139-91D2-B2D87D856A85}"
EndProject
Global
	GlobalSection(SolutionConfigurationPlatforms) = preSolution
		Debug|Any CPU = Debug|Any CPU
		Release|Any CPU = Release|Any CPU
	EndGlobalSection
	GlobalSection(ProjectConfigurationPlatforms) = postSolution
		{59047498-CA21-4139-91D2-B2D87D856A85}.Debug|Any CPU.ActiveCfg = Debug|Any CPU
		{59047498-CA21-4139-91D2-B2D87D856A85}.Debug|Any CPU.Build.0 = Debug|Any CPU
		{59047498-CA21-4139-91D2-B2D87D856A85}.Release|Any CPU.ActiveCfg = Release|Any CPU
		{59047498-CA21-4139-91D2-B2D87D856A85}.Release|Any CPU.Build.0 = Release|Any CPU
	EndGlobalSection
	GlobalSection(SolutionProperties) = preSolution
		HideSolutionNode = FALSE
	EndGlobalSection
	GlobalSection(ExtensibilityGlobals) = postSolution
		SolutionGuid = {8020022A-928D-4937-803A-6BBAC0432D88}
	EndGlobalSection
EndGlobal
