
Microsoft Visual Studio Solution File, Format Version 12.00
# Visual Studio Version 17
VisualStudioVersion = 17.1.31911.260
MinimumVisualStudioVersion = 10.0.40219.1
Project("{9A19103F-16F7-4668-BE54-9A1E7A4F7556}") = "examplemulti", "examplemulti\examplemulti.csproj", "{5E2D23E1-41C1-4851-9F54-FCC758CBD09D}"
EndProject
Project("{9A19103F-16F7-4668-BE54-9A1E7A4F7556}") = "exampleschema", "exampleschema\exampleschema.csproj", "{1B9127CC-7045-4F06-8E57-AAF4CC4142E5}"
EndProject
Project("{9A19103F-16F7-4668-BE54-9A1E7A4F7556}") = "examplesingle", "examplesingle\examplesingle.csproj", "{63068A4C-88F3-4D02-AC51-C47DD399F2C1}"
EndProject
Global
	GlobalSection(SolutionConfigurationPlatforms) = preSolution
		Debug|Any CPU = Debug|Any CPU
		Release|Any CPU = Release|Any CPU
	EndGlobalSection
	GlobalSection(ProjectConfigurationPlatforms) = postSolution
		{5E2D23E1-41C1-4851-9F54-FCC758CBD09D}.Debug|Any CPU.ActiveCfg = Debug|Any CPU
		{5E2D23E1-41C1-4851-9F54-FCC758CBD09D}.Debug|Any CPU.Build.0 = Debug|Any CPU
		{5E2D23E1-41C1-4851-9F54-FCC758CBD09D}.Release|Any CPU.ActiveCfg = Release|Any CPU
		{5E2D23E1-41C1-4851-9F54-FCC758CBD09D}.Release|Any CPU.Build.0 = Release|Any CPU
		{1B9127CC-7045-4F06-8E57-AAF4CC4142E5}.Debug|Any CPU.ActiveCfg = Debug|Any CPU
		{1B9127CC-7045-4F06-8E57-AAF4CC4142E5}.Debug|Any CPU.Build.0 = Debug|Any CPU
		{1B9127CC-7045-4F06-8E57-AAF4CC4142E5}.Release|Any CPU.ActiveCfg = Release|Any CPU
		{1B9127CC-7045-4F06-8E57-AAF4CC4142E5}.Release|Any CPU.Build.0 = Release|Any CPU
		{63068A4C-88F3-4D02-AC51-C47DD399F2C1}.Debug|Any CPU.ActiveCfg = Debug|Any CPU
		{63068A4C-88F3-4D02-AC51-C47DD399F2C1}.Debug|Any CPU.Build.0 = Debug|Any CPU
		{63068A4C-88F3-4D02-AC51-C47DD399F2C1}.Release|Any CPU.ActiveCfg = Release|Any CPU
		{63068A4C-88F3-4D02-AC51-C47DD399F2C1}.Release|Any CPU.Build.0 = Release|Any CPU
	EndGlobalSection
	GlobalSection(SolutionProperties) = preSolution
		HideSolutionNode = FALSE
	EndGlobalSection
	GlobalSection(ExtensibilityGlobals) = postSolution
		SolutionGuid = {DC211DB1-2A55-4CA7-9DC3-A7AF34A7BD46}
	EndGlobalSection
EndGlobal
